// !$*UTF8*$!
{
	archiveVersion = 1;
	classes = {
	};
	objectVersion = 46;
	objects = {

/* Begin PBXBuildFile section */
		6A85A4B448584C44464A7C55 /* libPods.a in Frameworks */ = {isa = PBXBuildFile; fileRef = EC4ECB0B19F15FAF55646927 /* libPods.a */; };
		C00348BC1CD933C6002E5AD9 /* CFDanmuClass.m in Sources */ = {isa = PBXBuildFile; fileRef = C00348BB1CD933C6002E5AD9 /* CFDanmuClass.m */; };
		C00348BF1CD933F7002E5AD9 /* CFDanmuku.m in Sources */ = {isa = PBXBuildFile; fileRef = C00348BE1CD933F7002E5AD9 /* CFDanmuku.m */; };
		C00348C21CD9341C002E5AD9 /* CFDanmukuinfo.m in Sources */ = {isa = PBXBuildFile; fileRef = C00348C11CD9341C002E5AD9 /* CFDanmukuinfo.m */; };
		C00348C51CD934B6002E5AD9 /* CFDanumukuView.m in Sources */ = {isa = PBXBuildFile; fileRef = C00348C41CD934B6002E5AD9 /* CFDanumukuView.m */; };
		C00348C81CD937FE002E5AD9 /* JWDanmuModel.m in Sources */ = {isa = PBXBuildFile; fileRef = C00348C71CD937FE002E5AD9 /* JWDanmuModel.m */; };
		C00348CB1CD9388A002E5AD9 /* JWXML2Dic.m in Sources */ = {isa = PBXBuildFile; fileRef = C00348CA1CD9388A002E5AD9 /* JWXML2Dic.m */; };
		C00348D21CD94A12002E5AD9 /* NSString+Tools.m in Sources */ = {isa = PBXBuildFile; fileRef = C00348D11CD94A12002E5AD9 /* NSString+Tools.m */; };
		C00348D51CD94A20002E5AD9 /* NSDictionary+Tools.m in Sources */ = {isa = PBXBuildFile; fileRef = C00348D41CD94A20002E5AD9 /* NSDictionary+Tools.m */; };
		C00348E11CD94E76002E5AD9 /* JWDramaShopController.m in Sources */ = {isa = PBXBuildFile; fileRef = C00348DF1CD94E76002E5AD9 /* JWDramaShopController.m */; };
		C00348E21CD94E76002E5AD9 /* JWDramaShopController.xib in Resources */ = {isa = PBXBuildFile; fileRef = C00348E01CD94E76002E5AD9 /* JWDramaShopController.xib */; };
		C00348E51CD94F9D002E5AD9 /* JWBtnBar.m in Sources */ = {isa = PBXBuildFile; fileRef = C00348E41CD94F9D002E5AD9 /* JWBtnBar.m */; };
		C00348E81CD95280002E5AD9 /* JWSpView.m in Sources */ = {isa = PBXBuildFile; fileRef = C00348E71CD95280002E5AD9 /* JWSpView.m */; };
		C00348EB1CD952D1002E5AD9 /* JWSpModel.m in Sources */ = {isa = PBXBuildFile; fileRef = C00348EA1CD952D1002E5AD9 /* JWSpModel.m */; };
		C00CB4FB1CD3CA1500C70593 /* JWVideoViewController.m in Sources */ = {isa = PBXBuildFile; fileRef = C00CB4FA1CD3CA1500C70593 /* JWVideoViewController.m */; };
		C011C59E1CCE6993007B1BDA /* JWCarouselFigureView.m in Sources */ = {isa = PBXBuildFile; fileRef = C011C59A1CCE6993007B1BDA /* JWCarouselFigureView.m */; };
		C011C59F1CCE6993007B1BDA /* JWCollectionViewCell.m in Sources */ = {isa = PBXBuildFile; fileRef = C011C59C1CCE6993007B1BDA /* JWCollectionViewCell.m */; };
		C011C5A01CCE6993007B1BDA /* JWCollectionViewCell.xib in Resources */ = {isa = PBXBuildFile; fileRef = C011C59D1CCE6993007B1BDA /* JWCollectionViewCell.xib */; };
		C011C5A41CCE7B0D007B1BDA /* UITableViewCell+JW.m in Sources */ = {isa = PBXBuildFile; fileRef = C011C5A31CCE7B0D007B1BDA /* UITableViewCell+JW.m */; };
		C011C5A71CCE8475007B1BDA /* JWWebViewController.m in Sources */ = {isa = PBXBuildFile; fileRef = C011C5A61CCE8475007B1BDA /* JWWebViewController.m */; };
		C012361E1CBE57E900AAA15C /* main.m in Sources */ = {isa = PBXBuildFile; fileRef = C012361D1CBE57E900AAA15C /* main.m */; };
		C01236271CBE57E900AAA15C /* Main.storyboard in Resources */ = {isa = PBXBuildFile; fileRef = C01236251CBE57E900AAA15C /* Main.storyboard */; };
		C01236291CBE57E900AAA15C /* Assets.xcassets in Resources */ = {isa = PBXBuildFile; fileRef = C01236281CBE57E900AAA15C /* Assets.xcassets */; };
		C012362C1CBE57E900AAA15C /* LaunchScreen.storyboard in Resources */ = {isa = PBXBuildFile; fileRef = C012362A1CBE57E900AAA15C /* LaunchScreen.storyboard */; };
		C012363A1CBE590800AAA15C /* JWBaseViewController.m in Sources */ = {isa = PBXBuildFile; fileRef = C01236391CBE590800AAA15C /* JWBaseViewController.m */; };
		C012363D1CBE591400AAA15C /* JWModel.m in Sources */ = {isa = PBXBuildFile; fileRef = C012363C1CBE591400AAA15C /* JWModel.m */; };
		C01236401CBE592200AAA15C /* JWViewModel.m in Sources */ = {isa = PBXBuildFile; fileRef = C012363F1CBE592200AAA15C /* JWViewModel.m */; };
		C012365A1CBE597800AAA15C /* JWMineViewController.m in Sources */ = {isa = PBXBuildFile; fileRef = C01236591CBE597800AAA15C /* JWMineViewController.m */; };
		C012365D1CBE598800AAA15C /* JWNewsViewController.m in Sources */ = {isa = PBXBuildFile; fileRef = C012365C1CBE598800AAA15C /* JWNewsViewController.m */; };
		C01236601CBE599B00AAA15C /* JWTourViewController.m in Sources */ = {isa = PBXBuildFile; fileRef = C012365F1CBE599B00AAA15C /* JWTourViewController.m */; };
		C01236631CBE5A6200AAA15C /* AppDelegate.m in Sources */ = {isa = PBXBuildFile; fileRef = C01236621CBE5A6200AAA15C /* AppDelegate.m */; };
		C012366A1CBE5A6900AAA15C /* JWNavigationController.m in Sources */ = {isa = PBXBuildFile; fileRef = C01236651CBE5A6900AAA15C /* JWNavigationController.m */; };
		C012366B1CBE5A6900AAA15C /* MainViewController.m in Sources */ = {isa = PBXBuildFile; fileRef = C01236671CBE5A6900AAA15C /* MainViewController.m */; };
		C01236721CBE5AE600AAA15C /* UIBarButtonItem+Extension.m in Sources */ = {isa = PBXBuildFile; fileRef = C012366F1CBE5AE600AAA15C /* UIBarButtonItem+Extension.m */; };
		C01236731CBE5AE600AAA15C /* UIView+Extension.m in Sources */ = {isa = PBXBuildFile; fileRef = C01236711CBE5AE600AAA15C /* UIView+Extension.m */; };
		C01236771CBE5BDE00AAA15C /* JWRootViewController.m in Sources */ = {isa = PBXBuildFile; fileRef = C01236761CBE5BDE00AAA15C /* JWRootViewController.m */; };
		C012367A1CBE607D00AAA15C /* xinwenputong.png in Resources */ = {isa = PBXBuildFile; fileRef = C01236781CBE607D00AAA15C /* xinwenputong.png */; };
		C012367B1CBE607D00AAA15C /* xinwenxuanzhong.png in Resources */ = {isa = PBXBuildFile; fileRef = C01236791CBE607D00AAA15C /* xinwenxuanzhong.png */; };
		C012368D1CBE6E0200AAA15C /* JWNetTool.m in Sources */ = {isa = PBXBuildFile; fileRef = C012368C1CBE6E0200AAA15C /* JWNetTool.m */; };
		C01C1C811CD0DD6D00F456A6 /* smallPlayHolder.png in Resources */ = {isa = PBXBuildFile; fileRef = C01C1C801CD0DD6D00F456A6 /* smallPlayHolder.png */; };
		C01C1C851CD0E91100F456A6 /* JWTourBigCell.m in Sources */ = {isa = PBXBuildFile; fileRef = C01C1C831CD0E91100F456A6 /* JWTourBigCell.m */; };
		C01C1C861CD0E91100F456A6 /* JWTourBigCell.xib in Resources */ = {isa = PBXBuildFile; fileRef = C01C1C841CD0E91100F456A6 /* JWTourBigCell.xib */; };
		C01C1C891CD0EC4900F456A6 /* JWTourLocationsModel.m in Sources */ = {isa = PBXBuildFile; fileRef = C01C1C881CD0EC4900F456A6 /* JWTourLocationsModel.m */; };
		C01C1C8C1CD0ECB600F456A6 /* JWTourCustomModel.m in Sources */ = {isa = PBXBuildFile; fileRef = C01C1C8B1CD0ECB600F456A6 /* JWTourCustomModel.m */; };
		C0311F3F1CD1F2F500F2BAA4 /* xiangshangsuoyi.png in Resources */ = {isa = PBXBuildFile; fileRef = C0311F3E1CD1F2F500F2BAA4 /* xiangshangsuoyi.png */; };
		C0311F411CD1F74300F2BAA4 /* iconfont-xiangshang.png in Resources */ = {isa = PBXBuildFile; fileRef = C0311F401CD1F74300F2BAA4 /* iconfont-xiangshang.png */; };
		C0311F431CD1FBE200F2BAA4 /* longing.png in Resources */ = {isa = PBXBuildFile; fileRef = C0311F421CD1FBE200F2BAA4 /* longing.png */; };
		C0311F461CD2096800F2BAA4 /* JWTourNearMainViewController.m in Sources */ = {isa = PBXBuildFile; fileRef = C0311F451CD2096800F2BAA4 /* JWTourNearMainViewController.m */; };
		C0311F481CD20A9100F2BAA4 /* dingwei.png in Resources */ = {isa = PBXBuildFile; fileRef = C0311F471CD20A9100F2BAA4 /* dingwei.png */; };
		C0311F4B1CD20BAA00F2BAA4 /* JWTourNearTop.m in Sources */ = {isa = PBXBuildFile; fileRef = C0311F4A1CD20BAA00F2BAA4 /* JWTourNearTop.m */; };
		C0311F581CD22C5C00F2BAA4 /* NSArray+Log.m in Sources */ = {isa = PBXBuildFile; fileRef = C0311F551CD22C5C00F2BAA4 /* NSArray+Log.m */; };
		C0311F5B1CD23D6E00F2BAA4 /* JWTourNearViewController.m in Sources */ = {isa = PBXBuildFile; fileRef = C0311F5A1CD23D6E00F2BAA4 /* JWTourNearViewController.m */; };
		C0311F5F1CD25DC500F2BAA4 /* JWTourNearVM.m in Sources */ = {isa = PBXBuildFile; fileRef = C0311F5E1CD25DC500F2BAA4 /* JWTourNearVM.m */; };
		C0311F621CD265DF00F2BAA4 /* JWTourNearModel.m in Sources */ = {isa = PBXBuildFile; fileRef = C0311F611CD265DF00F2BAA4 /* JWTourNearModel.m */; };
		C0311F6B1CD26A2400F2BAA4 /* JWTourNearTableViewCell.m in Sources */ = {isa = PBXBuildFile; fileRef = C0311F691CD26A2400F2BAA4 /* JWTourNearTableViewCell.m */; };
		C0311F6C1CD26A2400F2BAA4 /* JWTourNearTableViewCell.xib in Resources */ = {isa = PBXBuildFile; fileRef = C0311F6A1CD26A2400F2BAA4 /* JWTourNearTableViewCell.xib */; };
		C0311F6E1CD27BA500F2BAA4 /* fanhui.png in Resources */ = {isa = PBXBuildFile; fileRef = C0311F6D1CD27BA500F2BAA4 /* fanhui.png */; };
		C0444AF91CC9F42A0003107F /* DefaultURLS.plist in Resources */ = {isa = PBXBuildFile; fileRef = C0444AF81CC9F42A0003107F /* DefaultURLS.plist */; };
		C0444AFB1CC9F61E0003107F /* OtherURLS.plist in Resources */ = {isa = PBXBuildFile; fileRef = C0444AFA1CC9F61E0003107F /* OtherURLS.plist */; };
		C0444AFF1CC9FAD40003107F /* FMDBTool.m in Sources */ = {isa = PBXBuildFile; fileRef = C0444AFE1CC9FAD40003107F /* FMDBTool.m */; };
		C0444B061CCA10E20003107F /* JWItem.m in Sources */ = {isa = PBXBuildFile; fileRef = C0444B051CCA10E20003107F /* JWItem.m */; };
		C0444B2C1CCB25550003107F /* JWTitleView.m in Sources */ = {isa = PBXBuildFile; fileRef = C0444B2B1CCB25550003107F /* JWTitleView.m */; };
		C05603651CCBD55500413A4B /* xiangshang.png in Resources */ = {isa = PBXBuildFile; fileRef = C05603641CCBD55500413A4B /* xiangshang.png */; };
		C05603681CCBDA3800413A4B /* JWBar.m in Sources */ = {isa = PBXBuildFile; fileRef = C05603671CCBDA3800413A4B /* JWBar.m */; };
		C06C98FA1CD4A1F400342DBC /* JWDramaVM.m in Sources */ = {isa = PBXBuildFile; fileRef = C06C98F91CD4A1F400342DBC /* JWDramaVM.m */; };
		C06C98FE1CD4A23000342DBC /* JWDramaTableViewCell.m in Sources */ = {isa = PBXBuildFile; fileRef = C06C98FC1CD4A23000342DBC /* JWDramaTableViewCell.m */; };
		C06C98FF1CD4A23000342DBC /* JWDramaTableViewCell.xib in Resources */ = {isa = PBXBuildFile; fileRef = C06C98FD1CD4A23000342DBC /* JWDramaTableViewCell.xib */; };
		C06C99021CD4A33600342DBC /* JWWaterFallLayout.m in Sources */ = {isa = PBXBuildFile; fileRef = C06C99011CD4A33600342DBC /* JWWaterFallLayout.m */; };
		C06C99081CD4A55D00342DBC /* NSObject+JSONExtension.m in Sources */ = {isa = PBXBuildFile; fileRef = C06C99071CD4A55D00342DBC /* NSObject+JSONExtension.m */; };
		C06C990B1CD4A59500342DBC /* JWRunTimeModel.m in Sources */ = {isa = PBXBuildFile; fileRef = C06C990A1CD4A59500342DBC /* JWRunTimeModel.m */; };
		C06C99111CD4B0B900342DBC /* JWDramaModel.m in Sources */ = {isa = PBXBuildFile; fileRef = C06C99101CD4B0B900342DBC /* JWDramaModel.m */; };
		C06C99191CD4B54A00342DBC /* fanjutuijian.png in Resources */ = {isa = PBXBuildFile; fileRef = C06C99171CD4B54A00342DBC /* fanjutuijian.png */; };
		C06C991A1CD4B54A00342DBC /* zajiadouzaikan.png in Resources */ = {isa = PBXBuildFile; fileRef = C06C99181CD4B54A00342DBC /* zajiadouzaikan.png */; };
		C06C991D1CD4BB8500342DBC /* JWDaramHeadModel.m in Sources */ = {isa = PBXBuildFile; fileRef = C06C991C1CD4BB8500342DBC /* JWDaramHeadModel.m */; };
		C06C99231CD4D7AF00342DBC /* LineLayout.m in Sources */ = {isa = PBXBuildFile; fileRef = C06C99221CD4D7AF00342DBC /* LineLayout.m */; };
		C06C99251CD4E0F600342DBC /* JWDramaHeader.m in Sources */ = {isa = PBXBuildFile; fileRef = C06C99241CD4E0F600342DBC /* JWDramaHeader.m */; };
		C06C99291CD4EA4D00342DBC /* JWDramaHeadCell.m in Sources */ = {isa = PBXBuildFile; fileRef = C06C99271CD4EA4C00342DBC /* JWDramaHeadCell.m */; };
		C06C992A1CD4EA4D00342DBC /* JWDramaHeadCell.xib in Resources */ = {isa = PBXBuildFile; fileRef = C06C99281CD4EA4C00342DBC /* JWDramaHeadCell.xib */; };
		C09060821CBE70950024211E /* JWTourViewModel.m in Sources */ = {isa = PBXBuildFile; fileRef = C09060811CBE70950024211E /* JWTourViewModel.m */; };
		C0C92ED31CD60214008C69E3 /* JWAVPlayerViewController.m in Sources */ = {isa = PBXBuildFile; fileRef = C0C92ED21CD60214008C69E3 /* JWAVPlayerViewController.m */; };
		C0C92ED71CD60D17008C69E3 /* JWDaramDetailViewController.m in Sources */ = {isa = PBXBuildFile; fileRef = C0C92ED51CD60D17008C69E3 /* JWDaramDetailViewController.m */; };
		C0C92ED81CD60D17008C69E3 /* JWDaramDetailViewController.xib in Resources */ = {isa = PBXBuildFile; fileRef = C0C92ED61CD60D17008C69E3 /* JWDaramDetailViewController.xib */; };
		C0C92EDB1CD64210008C69E3 /* JWDramaBar.m in Sources */ = {isa = PBXBuildFile; fileRef = C0C92EDA1CD64210008C69E3 /* JWDramaBar.m */; };
		C0C92F011CD771F0008C69E3 /* JWDramaDetailChild.m in Sources */ = {isa = PBXBuildFile; fileRef = C0C92F001CD771F0008C69E3 /* JWDramaDetailChild.m */; };
		C0C92F3C1CD7889A008C69E3 /* @$91X`{7~B}~XP0C[DG~XDI.jpg in Resources */ = {isa = PBXBuildFile; fileRef = C0C92F031CD7889A008C69E3 /* @$91X`{7~B}~XP0C[DG~XDI.jpg */; };
		C0C92F3D1CD7889A008C69E3 /* bg_share_large.png in Resources */ = {isa = PBXBuildFile; fileRef = C0C92F041CD7889A008C69E3 /* bg_share_large.png */; };
		C0C92F3E1CD7889A008C69E3 /* bg_share_large@2x.png in Resources */ = {isa = PBXBuildFile; fileRef = C0C92F051CD7889A008C69E3 /* bg_share_large@2x.png */; };
		C0C92F3F1CD7889A008C69E3 /* F_{}[R1L5V%M(F9Q_R7BDDQ.jpg in Resources */ = {isa = PBXBuildFile; fileRef = C0C92F061CD7889A008C69E3 /* F_{}[R1L5V%M(F9Q_R7BDDQ.jpg */; };
		C0C92F401CD7889A008C69E3 /* gobackBtn.png in Resources */ = {isa = PBXBuildFile; fileRef = C0C92F071CD7889A008C69E3 /* gobackBtn.png */; };
		C0C92F411CD7889A008C69E3 /* gobackBtn@2x.png in Resources */ = {isa = PBXBuildFile; fileRef = C0C92F081CD7889A008C69E3 /* gobackBtn@2x.png */; };
		C0C92F421CD7889A008C69E3 /* gobackBtn@3x.png in Resources */ = {isa = PBXBuildFile; fileRef = C0C92F091CD7889A008C69E3 /* gobackBtn@3x.png */; };
		C0C92F431CD7889A008C69E3 /* iconfont-back.png in Resources */ = {isa = PBXBuildFile; fileRef = C0C92F0A1CD7889A008C69E3 /* iconfont-back.png */; };
		C0C92F441CD7889A008C69E3 /* iconfont-yuan.png in Resources */ = {isa = PBXBuildFile; fileRef = C0C92F0B1CD7889A008C69E3 /* iconfont-yuan.png */; };
		C0C92F451CD7889A008C69E3 /* iconfont-yuanquan-2.png in Resources */ = {isa = PBXBuildFile; fileRef = C0C92F0C1CD7889A008C69E3 /* iconfont-yuanquan-2.png */; };
		C0C92F671CD7889A008C69E3 /* nextPlayer.png in Resources */ = {isa = PBXBuildFile; fileRef = C0C92F2F1CD7889A008C69E3 /* nextPlayer.png */; };
		C0C92F681CD7889A008C69E3 /* nextPlayer@3x.png in Resources */ = {isa = PBXBuildFile; fileRef = C0C92F301CD7889A008C69E3 /* nextPlayer@3x.png */; };
		C0C92F691CD7889A008C69E3 /* pauseBtn.png in Resources */ = {isa = PBXBuildFile; fileRef = C0C92F311CD7889A008C69E3 /* pauseBtn.png */; };
		C0C92F6A1CD7889A008C69E3 /* pauseBtn@2x.png in Resources */ = {isa = PBXBuildFile; fileRef = C0C92F321CD7889A008C69E3 /* pauseBtn@2x.png */; };
		C0C92F6B1CD7889A008C69E3 /* pauseBtn@3x.png in Resources */ = {isa = PBXBuildFile; fileRef = C0C92F331CD7889A008C69E3 /* pauseBtn@3x.png */; };
		C0C92F6C1CD7889A008C69E3 /* playBtn.png in Resources */ = {isa = PBXBuildFile; fileRef = C0C92F341CD7889A008C69E3 /* playBtn.png */; };
		C0C92F6D1CD7889A008C69E3 /* playBtn@2x.png in Resources */ = {isa = PBXBuildFile; fileRef = C0C92F351CD7889A008C69E3 /* playBtn@2x.png */; };
		C0C92F6E1CD7889A008C69E3 /* playBtn@3x.png in Resources */ = {isa = PBXBuildFile; fileRef = C0C92F361CD7889A008C69E3 /* playBtn@3x.png */; };
		C0C92F6F1CD7889A008C69E3 /* rating.png in Resources */ = {isa = PBXBuildFile; fileRef = C0C92F371CD7889A008C69E3 /* rating.png */; };
		C0C92F701CD7889A008C69E3 /* rating@2x.png in Resources */ = {isa = PBXBuildFile; fileRef = C0C92F381CD7889A008C69E3 /* rating@2x.png */; };
		C0C92F711CD7889A008C69E3 /* rating_gray.png in Resources */ = {isa = PBXBuildFile; fileRef = C0C92F391CD7889A008C69E3 /* rating_gray.png */; };
		C0C92F721CD7889A008C69E3 /* rating_gray@2x.png in Resources */ = {isa = PBXBuildFile; fileRef = C0C92F3A1CD7889A008C69E3 /* rating_gray@2x.png */; };
		C0C92F731CD7889A008C69E3 /* U5I%NZFJ7[DNM)AI(~OMOZD.jpg in Resources */ = {isa = PBXBuildFile; fileRef = C0C92F3B1CD7889A008C69E3 /* U5I%NZFJ7[DNM)AI(~OMOZD.jpg */; };
		C0C92F761CD790DA008C69E3 /* JWDramaChirldVM.m in Sources */ = {isa = PBXBuildFile; fileRef = C0C92F751CD790DA008C69E3 /* JWDramaChirldVM.m */; };
		C0C92F791CD7936B008C69E3 /* JWDramaChirldModel.m in Sources */ = {isa = PBXBuildFile; fileRef = C0C92F781CD7936B008C69E3 /* JWDramaChirldModel.m */; };
		C0C92F7D1CD8C782008C69E3 /* JWDramaCommentCell.m in Sources */ = {isa = PBXBuildFile; fileRef = C0C92F7B1CD8C781008C69E3 /* JWDramaCommentCell.m */; };
		C0C92F7E1CD8C782008C69E3 /* JWDramaCommentCell.xib in Resources */ = {isa = PBXBuildFile; fileRef = C0C92F7C1CD8C782008C69E3 /* JWDramaCommentCell.xib */; };
		C0C92F811CD8C79A008C69E3 /* JWDramaCommentModel.m in Sources */ = {isa = PBXBuildFile; fileRef = C0C92F801CD8C79A008C69E3 /* JWDramaCommentModel.m */; };
		C0D8C6551CCC0CEE00189E4B /* JWNewsDB.m in Sources */ = {isa = PBXBuildFile; fileRef = C0D8C6541CCC0CEE00189E4B /* JWNewsDB.m */; };
		C0D8C6571CCCA98C00189E4B /* delete.png in Resources */ = {isa = PBXBuildFile; fileRef = C0D8C6561CCCA98C00189E4B /* delete.png */; };
		C0D8C65B1CCCD70500189E4B /* JWTableViewCellClass.m in Sources */ = {isa = PBXBuildFile; fileRef = C0D8C65A1CCCD70500189E4B /* JWTableViewCellClass.m */; };
		C0D8C65E1CCCD73200189E4B /* JWNewsFactoryCell.m in Sources */ = {isa = PBXBuildFile; fileRef = C0D8C65D1CCCD73200189E4B /* JWNewsFactoryCell.m */; };
		C0D8C6611CCCE15600189E4B /* JWTableViewControllerClass.m in Sources */ = {isa = PBXBuildFile; fileRef = C0D8C6601CCCE15600189E4B /* JWTableViewControllerClass.m */; };
		C0D8C6641CCCE24F00189E4B /* JWNewsModel.m in Sources */ = {isa = PBXBuildFile; fileRef = C0D8C6631CCCE24F00189E4B /* JWNewsModel.m */; };
		C0D8C6671CCCE3A500189E4B /* JWNewsViewModel.m in Sources */ = {isa = PBXBuildFile; fileRef = C0D8C6661CCCE3A500189E4B /* JWNewsViewModel.m */; };
		C0D8C66B1CCCEB3E00189E4B /* JWNewsOneImageCell.m in Sources */ = {isa = PBXBuildFile; fileRef = C0D8C6691CCCEB3E00189E4B /* JWNewsOneImageCell.m */; };
		C0D8C66C1CCCEB3E00189E4B /* JWNewsOneImageCell.xib in Resources */ = {isa = PBXBuildFile; fileRef = C0D8C66A1CCCEB3E00189E4B /* JWNewsOneImageCell.xib */; };
		C0D8C6701CCCEB6500189E4B /* JWNewsBigImageCell.m in Sources */ = {isa = PBXBuildFile; fileRef = C0D8C66E1CCCEB6500189E4B /* JWNewsBigImageCell.m */; };
		C0D8C6711CCCEB6500189E4B /* JWNewsBigImageCell.xib in Resources */ = {isa = PBXBuildFile; fileRef = C0D8C66F1CCCEB6500189E4B /* JWNewsBigImageCell.xib */; };
		C0D8C6751CCCEB9100189E4B /* JWNewsThreeImagesCell.m in Sources */ = {isa = PBXBuildFile; fileRef = C0D8C6731CCCEB9100189E4B /* JWNewsThreeImagesCell.m */; };
		C0D8C6761CCCEB9100189E4B /* JWNewsThreeImagesCell.xib in Resources */ = {isa = PBXBuildFile; fileRef = C0D8C6741CCCEB9100189E4B /* JWNewsThreeImagesCell.xib */; };
		C0F945C21CCB463200D59FA9 /* JWNewsTableViewController.m in Sources */ = {isa = PBXBuildFile; fileRef = C0F945C11CCB463200D59FA9 /* JWNewsTableViewController.m */; };
		C0F945C51CCB48A600D59FA9 /* JWNewsMainScr.m in Sources */ = {isa = PBXBuildFile; fileRef = C0F945C41CCB48A600D59FA9 /* JWNewsMainScr.m */; };
		C0F945C81CCB52A600D59FA9 /* JWArrowBtn.m in Sources */ = {isa = PBXBuildFile; fileRef = C0F945C71CCB52A600D59FA9 /* JWArrowBtn.m */; };
		C0F945CA1CCB53A000D59FA9 /* xiangxia.png in Resources */ = {isa = PBXBuildFile; fileRef = C0F945C91CCB53A000D59FA9 /* xiangxia.png */; };
		C0F945CD1CCB5ACF00D59FA9 /* JWListView.m in Sources */ = {isa = PBXBuildFile; fileRef = C0F945CC1CCB5ACF00D59FA9 /* JWListView.m */; };
/* End PBXBuildFile section */

/* Begin PBXFileReference section */
		90567151FE1CA361955448F7 /* Pods.debug.xcconfig */ = {isa = PBXFileReference; includeInIndex = 1; lastKnownFileType = text.xcconfig; name = Pods.debug.xcconfig; path = "Pods/Target Support Files/Pods/Pods.debug.xcconfig"; sourceTree = "<group>"; };
		C00348BA1CD933C6002E5AD9 /* CFDanmuClass.h */ = {isa = PBXFileReference; fileEncoding = 4; lastKnownFileType = sourcecode.c.h; path = CFDanmuClass.h; sourceTree = "<group>"; };
		C00348BB1CD933C6002E5AD9 /* CFDanmuClass.m */ = {isa = PBXFileReference; fileEncoding = 4; lastKnownFileType = sourcecode.c.objc; path = CFDanmuClass.m; sourceTree = "<group>"; };
		C00348BD1CD933F7002E5AD9 /* CFDanmuku.h */ = {isa = PBXFileReference; fileEncoding = 4; lastKnownFileType = sourcecode.c.h; path = CFDanmuku.h; sourceTree = "<group>"; };
		C00348BE1CD933F7002E5AD9 /* CFDanmuku.m */ = {isa = PBXFileReference; fileEncoding = 4; lastKnownFileType = sourcecode.c.objc; path = CFDanmuku.m; sourceTree = "<group>"; };
		C00348C01CD9341C002E5AD9 /* CFDanmukuinfo.h */ = {isa = PBXFileReference; fileEncoding = 4; lastKnownFileType = sourcecode.c.h; path = CFDanmukuinfo.h; sourceTree = "<group>"; };
		C00348C11CD9341C002E5AD9 /* CFDanmukuinfo.m */ = {isa = PBXFileReference; fileEncoding = 4; lastKnownFileType = sourcecode.c.objc; path = CFDanmukuinfo.m; sourceTree = "<group>"; };
		C00348C31CD934B6002E5AD9 /* CFDanumukuView.h */ = {isa = PBXFileReference; fileEncoding = 4; lastKnownFileType = sourcecode.c.h; path = CFDanumukuView.h; sourceTree = "<group>"; };
		C00348C41CD934B6002E5AD9 /* CFDanumukuView.m */ = {isa = PBXFileReference; fileEncoding = 4; lastKnownFileType = sourcecode.c.objc; path = CFDanumukuView.m; sourceTree = "<group>"; };
		C00348C61CD937FE002E5AD9 /* JWDanmuModel.h */ = {isa = PBXFileReference; fileEncoding = 4; lastKnownFileType = sourcecode.c.h; path = JWDanmuModel.h; sourceTree = "<group>"; };
		C00348C71CD937FE002E5AD9 /* JWDanmuModel.m */ = {isa = PBXFileReference; fileEncoding = 4; lastKnownFileType = sourcecode.c.objc; path = JWDanmuModel.m; sourceTree = "<group>"; };
		C00348C91CD9388A002E5AD9 /* JWXML2Dic.h */ = {isa = PBXFileReference; fileEncoding = 4; lastKnownFileType = sourcecode.c.h; path = JWXML2Dic.h; sourceTree = "<group>"; };
		C00348CA1CD9388A002E5AD9 /* JWXML2Dic.m */ = {isa = PBXFileReference; fileEncoding = 4; lastKnownFileType = sourcecode.c.objc; path = JWXML2Dic.m; sourceTree = "<group>"; };
		C00348D01CD94A12002E5AD9 /* NSString+Tools.h */ = {isa = PBXFileReference; fileEncoding = 4; lastKnownFileType = sourcecode.c.h; path = "NSString+Tools.h"; sourceTree = "<group>"; };
		C00348D11CD94A12002E5AD9 /* NSString+Tools.m */ = {isa = PBXFileReference; fileEncoding = 4; lastKnownFileType = sourcecode.c.objc; path = "NSString+Tools.m"; sourceTree = "<group>"; };
		C00348D31CD94A20002E5AD9 /* NSDictionary+Tools.h */ = {isa = PBXFileReference; fileEncoding = 4; lastKnownFileType = sourcecode.c.h; path = "NSDictionary+Tools.h"; sourceTree = "<group>"; };
		C00348D41CD94A20002E5AD9 /* NSDictionary+Tools.m */ = {isa = PBXFileReference; fileEncoding = 4; lastKnownFileType = sourcecode.c.objc; path = "NSDictionary+Tools.m"; sourceTree = "<group>"; };
		C00348DE1CD94E76002E5AD9 /* JWDramaShopController.h */ = {isa = PBXFileReference; fileEncoding = 4; lastKnownFileType = sourcecode.c.h; path = JWDramaShopController.h; sourceTree = "<group>"; };
		C00348DF1CD94E76002E5AD9 /* JWDramaShopController.m */ = {isa = PBXFileReference; fileEncoding = 4; lastKnownFileType = sourcecode.c.objc; path = JWDramaShopController.m; sourceTree = "<group>"; };
		C00348E01CD94E76002E5AD9 /* JWDramaShopController.xib */ = {isa = PBXFileReference; fileEncoding = 4; lastKnownFileType = file.xib; path = JWDramaShopController.xib; sourceTree = "<group>"; };
		C00348E31CD94F9D002E5AD9 /* JWBtnBar.h */ = {isa = PBXFileReference; fileEncoding = 4; lastKnownFileType = sourcecode.c.h; path = JWBtnBar.h; sourceTree = "<group>"; };
		C00348E41CD94F9D002E5AD9 /* JWBtnBar.m */ = {isa = PBXFileReference; fileEncoding = 4; lastKnownFileType = sourcecode.c.objc; path = JWBtnBar.m; sourceTree = "<group>"; };
		C00348E61CD95280002E5AD9 /* JWSpView.h */ = {isa = PBXFileReference; fileEncoding = 4; lastKnownFileType = sourcecode.c.h; path = JWSpView.h; sourceTree = "<group>"; };
		C00348E71CD95280002E5AD9 /* JWSpView.m */ = {isa = PBXFileReference; fileEncoding = 4; lastKnownFileType = sourcecode.c.objc; path = JWSpView.m; sourceTree = "<group>"; };
		C00348E91CD952D1002E5AD9 /* JWSpModel.h */ = {isa = PBXFileReference; fileEncoding = 4; lastKnownFileType = sourcecode.c.h; path = JWSpModel.h; sourceTree = "<group>"; };
		C00348EA1CD952D1002E5AD9 /* JWSpModel.m */ = {isa = PBXFileReference; fileEncoding = 4; lastKnownFileType = sourcecode.c.objc; path = JWSpModel.m; sourceTree = "<group>"; };
		C00CB4F91CD3CA1500C70593 /* JWVideoViewController.h */ = {isa = PBXFileReference; fileEncoding = 4; lastKnownFileType = sourcecode.c.h; path = JWVideoViewController.h; sourceTree = "<group>"; };
		C00CB4FA1CD3CA1500C70593 /* JWVideoViewController.m */ = {isa = PBXFileReference; fileEncoding = 4; lastKnownFileType = sourcecode.c.objc; path = JWVideoViewController.m; sourceTree = "<group>"; };
		C011C5991CCE6993007B1BDA /* JWCarouselFigureView.h */ = {isa = PBXFileReference; fileEncoding = 4; lastKnownFileType = sourcecode.c.h; path = JWCarouselFigureView.h; sourceTree = "<group>"; };
		C011C59A1CCE6993007B1BDA /* JWCarouselFigureView.m */ = {isa = PBXFileReference; fileEncoding = 4; lastKnownFileType = sourcecode.c.objc; path = JWCarouselFigureView.m; sourceTree = "<group>"; };
		C011C59B1CCE6993007B1BDA /* JWCollectionViewCell.h */ = {isa = PBXFileReference; fileEncoding = 4; lastKnownFileType = sourcecode.c.h; path = JWCollectionViewCell.h; sourceTree = "<group>"; };
		C011C59C1CCE6993007B1BDA /* JWCollectionViewCell.m */ = {isa = PBXFileReference; fileEncoding = 4; lastKnownFileType = sourcecode.c.objc; path = JWCollectionViewCell.m; sourceTree = "<group>"; };
		C011C59D1CCE6993007B1BDA /* JWCollectionViewCell.xib */ = {isa = PBXFileReference; fileEncoding = 4; lastKnownFileType = file.xib; path = JWCollectionViewCell.xib; sourceTree = "<group>"; };
		C011C5A21CCE7B0D007B1BDA /* UITableViewCell+JW.h */ = {isa = PBXFileReference; fileEncoding = 4; lastKnownFileType = sourcecode.c.h; path = "UITableViewCell+JW.h"; sourceTree = "<group>"; };
		C011C5A31CCE7B0D007B1BDA /* UITableViewCell+JW.m */ = {isa = PBXFileReference; fileEncoding = 4; lastKnownFileType = sourcecode.c.objc; path = "UITableViewCell+JW.m"; sourceTree = "<group>"; };
		C011C5A51CCE8475007B1BDA /* JWWebViewController.h */ = {isa = PBXFileReference; fileEncoding = 4; lastKnownFileType = sourcecode.c.h; path = JWWebViewController.h; sourceTree = "<group>"; };
		C011C5A61CCE8475007B1BDA /* JWWebViewController.m */ = {isa = PBXFileReference; fileEncoding = 4; lastKnownFileType = sourcecode.c.objc; path = JWWebViewController.m; sourceTree = "<group>"; };
		C01236191CBE57E900AAA15C /* BagNews.app */ = {isa = PBXFileReference; explicitFileType = wrapper.application; includeInIndex = 0; path = BagNews.app; sourceTree = BUILT_PRODUCTS_DIR; };
		C012361D1CBE57E900AAA15C /* main.m */ = {isa = PBXFileReference; lastKnownFileType = sourcecode.c.objc; path = main.m; sourceTree = "<group>"; };
		C01236261CBE57E900AAA15C /* Base */ = {isa = PBXFileReference; lastKnownFileType = file.storyboard; name = Base; path = Base.lproj/Main.storyboard; sourceTree = "<group>"; };
		C01236281CBE57E900AAA15C /* Assets.xcassets */ = {isa = PBXFileReference; lastKnownFileType = folder.assetcatalog; name = Assets.xcassets; path = ../Assets.xcassets; sourceTree = "<group>"; };
		C012362B1CBE57E900AAA15C /* Base */ = {isa = PBXFileReference; lastKnownFileType = file.storyboard; name = Base; path = Base.lproj/LaunchScreen.storyboard; sourceTree = "<group>"; };
		C012362D1CBE57E900AAA15C /* Info.plist */ = {isa = PBXFileReference; lastKnownFileType = text.plist.xml; name = Info.plist; path = ../Info.plist; sourceTree = "<group>"; };
		C01236381CBE590800AAA15C /* JWBaseViewController.h */ = {isa = PBXFileReference; fileEncoding = 4; lastKnownFileType = sourcecode.c.h; path = JWBaseViewController.h; sourceTree = "<group>"; };
		C01236391CBE590800AAA15C /* JWBaseViewController.m */ = {isa = PBXFileReference; fileEncoding = 4; lastKnownFileType = sourcecode.c.objc; path = JWBaseViewController.m; sourceTree = "<group>"; };
		C012363B1CBE591400AAA15C /* JWModel.h */ = {isa = PBXFileReference; fileEncoding = 4; lastKnownFileType = sourcecode.c.h; path = JWModel.h; sourceTree = "<group>"; };
		C012363C1CBE591400AAA15C /* JWModel.m */ = {isa = PBXFileReference; fileEncoding = 4; lastKnownFileType = sourcecode.c.objc; path = JWModel.m; sourceTree = "<group>"; };
		C012363E1CBE592200AAA15C /* JWViewModel.h */ = {isa = PBXFileReference; fileEncoding = 4; lastKnownFileType = sourcecode.c.h; path = JWViewModel.h; sourceTree = "<group>"; };
		C012363F1CBE592200AAA15C /* JWViewModel.m */ = {isa = PBXFileReference; fileEncoding = 4; lastKnownFileType = sourcecode.c.objc; path = JWViewModel.m; sourceTree = "<group>"; };
		C01236581CBE597800AAA15C /* JWMineViewController.h */ = {isa = PBXFileReference; fileEncoding = 4; lastKnownFileType = sourcecode.c.h; path = JWMineViewController.h; sourceTree = "<group>"; };
		C01236591CBE597800AAA15C /* JWMineViewController.m */ = {isa = PBXFileReference; fileEncoding = 4; lastKnownFileType = sourcecode.c.objc; path = JWMineViewController.m; sourceTree = "<group>"; };
		C012365B1CBE598800AAA15C /* JWNewsViewController.h */ = {isa = PBXFileReference; fileEncoding = 4; lastKnownFileType = sourcecode.c.h; path = JWNewsViewController.h; sourceTree = "<group>"; };
		C012365C1CBE598800AAA15C /* JWNewsViewController.m */ = {isa = PBXFileReference; fileEncoding = 4; lastKnownFileType = sourcecode.c.objc; path = JWNewsViewController.m; sourceTree = "<group>"; };
		C012365E1CBE599B00AAA15C /* JWTourViewController.h */ = {isa = PBXFileReference; fileEncoding = 4; lastKnownFileType = sourcecode.c.h; path = JWTourViewController.h; sourceTree = "<group>"; };
		C012365F1CBE599B00AAA15C /* JWTourViewController.m */ = {isa = PBXFileReference; fileEncoding = 4; lastKnownFileType = sourcecode.c.objc; path = JWTourViewController.m; sourceTree = "<group>"; };
		C01236611CBE5A6200AAA15C /* AppDelegate.h */ = {isa = PBXFileReference; fileEncoding = 4; lastKnownFileType = sourcecode.c.h; path = AppDelegate.h; sourceTree = "<group>"; };
		C01236621CBE5A6200AAA15C /* AppDelegate.m */ = {isa = PBXFileReference; fileEncoding = 4; lastKnownFileType = sourcecode.c.objc; path = AppDelegate.m; sourceTree = "<group>"; };
		C01236641CBE5A6900AAA15C /* JWNavigationController.h */ = {isa = PBXFileReference; fileEncoding = 4; lastKnownFileType = sourcecode.c.h; path = JWNavigationController.h; sourceTree = "<group>"; };
		C01236651CBE5A6900AAA15C /* JWNavigationController.m */ = {isa = PBXFileReference; fileEncoding = 4; lastKnownFileType = sourcecode.c.objc; path = JWNavigationController.m; sourceTree = "<group>"; };
		C01236661CBE5A6900AAA15C /* MainViewController.h */ = {isa = PBXFileReference; fileEncoding = 4; lastKnownFileType = sourcecode.c.h; path = MainViewController.h; sourceTree = "<group>"; };
		C01236671CBE5A6900AAA15C /* MainViewController.m */ = {isa = PBXFileReference; fileEncoding = 4; lastKnownFileType = sourcecode.c.objc; path = MainViewController.m; sourceTree = "<group>"; };
		C012366E1CBE5AE600AAA15C /* UIBarButtonItem+Extension.h */ = {isa = PBXFileReference; fileEncoding = 4; lastKnownFileType = sourcecode.c.h; path = "UIBarButtonItem+Extension.h"; sourceTree = "<group>"; };
		C012366F1CBE5AE600AAA15C /* UIBarButtonItem+Extension.m */ = {isa = PBXFileReference; fileEncoding = 4; lastKnownFileType = sourcecode.c.objc; path = "UIBarButtonItem+Extension.m"; sourceTree = "<group>"; };
		C01236701CBE5AE600AAA15C /* UIView+Extension.h */ = {isa = PBXFileReference; fileEncoding = 4; lastKnownFileType = sourcecode.c.h; path = "UIView+Extension.h"; sourceTree = "<group>"; };
		C01236711CBE5AE600AAA15C /* UIView+Extension.m */ = {isa = PBXFileReference; fileEncoding = 4; lastKnownFileType = sourcecode.c.objc; path = "UIView+Extension.m"; sourceTree = "<group>"; };
		C01236741CBE5AF700AAA15C /* PrefixHeader.pch */ = {isa = PBXFileReference; lastKnownFileType = sourcecode.c.h; path = PrefixHeader.pch; sourceTree = "<group>"; };
		C01236751CBE5BDE00AAA15C /* JWRootViewController.h */ = {isa = PBXFileReference; fileEncoding = 4; lastKnownFileType = sourcecode.c.h; path = JWRootViewController.h; sourceTree = "<group>"; };
		C01236761CBE5BDE00AAA15C /* JWRootViewController.m */ = {isa = PBXFileReference; fileEncoding = 4; lastKnownFileType = sourcecode.c.objc; path = JWRootViewController.m; sourceTree = "<group>"; };
		C01236781CBE607D00AAA15C /* xinwenputong.png */ = {isa = PBXFileReference; lastKnownFileType = image.png; path = xinwenputong.png; sourceTree = "<group>"; };
		C01236791CBE607D00AAA15C /* xinwenxuanzhong.png */ = {isa = PBXFileReference; lastKnownFileType = image.png; path = xinwenxuanzhong.png; sourceTree = "<group>"; };
		C012368B1CBE6E0200AAA15C /* JWNetTool.h */ = {isa = PBXFileReference; fileEncoding = 4; lastKnownFileType = sourcecode.c.h; path = JWNetTool.h; sourceTree = "<group>"; };
		C012368C1CBE6E0200AAA15C /* JWNetTool.m */ = {isa = PBXFileReference; fileEncoding = 4; lastKnownFileType = sourcecode.c.objc; path = JWNetTool.m; sourceTree = "<group>"; };
		C01C1C801CD0DD6D00F456A6 /* smallPlayHolder.png */ = {isa = PBXFileReference; lastKnownFileType = image.png; path = smallPlayHolder.png; sourceTree = "<group>"; };
		C01C1C821CD0E91100F456A6 /* JWTourBigCell.h */ = {isa = PBXFileReference; fileEncoding = 4; lastKnownFileType = sourcecode.c.h; path = JWTourBigCell.h; sourceTree = "<group>"; };
		C01C1C831CD0E91100F456A6 /* JWTourBigCell.m */ = {isa = PBXFileReference; fileEncoding = 4; lastKnownFileType = sourcecode.c.objc; path = JWTourBigCell.m; sourceTree = "<group>"; };
		C01C1C841CD0E91100F456A6 /* JWTourBigCell.xib */ = {isa = PBXFileReference; fileEncoding = 4; lastKnownFileType = file.xib; path = JWTourBigCell.xib; sourceTree = "<group>"; };
		C01C1C871CD0EC4900F456A6 /* JWTourLocationsModel.h */ = {isa = PBXFileReference; fileEncoding = 4; lastKnownFileType = sourcecode.c.h; path = JWTourLocationsModel.h; sourceTree = "<group>"; };
		C01C1C881CD0EC4900F456A6 /* JWTourLocationsModel.m */ = {isa = PBXFileReference; fileEncoding = 4; lastKnownFileType = sourcecode.c.objc; path = JWTourLocationsModel.m; sourceTree = "<group>"; };
		C01C1C8A1CD0ECB600F456A6 /* JWTourCustomModel.h */ = {isa = PBXFileReference; fileEncoding = 4; lastKnownFileType = sourcecode.c.h; path = JWTourCustomModel.h; sourceTree = "<group>"; };
		C01C1C8B1CD0ECB600F456A6 /* JWTourCustomModel.m */ = {isa = PBXFileReference; fileEncoding = 4; lastKnownFileType = sourcecode.c.objc; path = JWTourCustomModel.m; sourceTree = "<group>"; };
		C0311F3E1CD1F2F500F2BAA4 /* xiangshangsuoyi.png */ = {isa = PBXFileReference; lastKnownFileType = image.png; path = xiangshangsuoyi.png; sourceTree = "<group>"; };
		C0311F401CD1F74300F2BAA4 /* iconfont-xiangshang.png */ = {isa = PBXFileReference; lastKnownFileType = image.png; path = "iconfont-xiangshang.png"; sourceTree = "<group>"; };
		C0311F421CD1FBE200F2BAA4 /* longing.png */ = {isa = PBXFileReference; lastKnownFileType = image.png; path = longing.png; sourceTree = "<group>"; };
		C0311F441CD2096800F2BAA4 /* JWTourNearMainViewController.h */ = {isa = PBXFileReference; fileEncoding = 4; lastKnownFileType = sourcecode.c.h; path = JWTourNearMainViewController.h; sourceTree = "<group>"; };
		C0311F451CD2096800F2BAA4 /* JWTourNearMainViewController.m */ = {isa = PBXFileReference; fileEncoding = 4; lastKnownFileType = sourcecode.c.objc; path = JWTourNearMainViewController.m; sourceTree = "<group>"; };
		C0311F471CD20A9100F2BAA4 /* dingwei.png */ = {isa = PBXFileReference; lastKnownFileType = image.png; path = dingwei.png; sourceTree = "<group>"; };
		C0311F491CD20BAA00F2BAA4 /* JWTourNearTop.h */ = {isa = PBXFileReference; fileEncoding = 4; lastKnownFileType = sourcecode.c.h; path = JWTourNearTop.h; sourceTree = "<group>"; };
		C0311F4A1CD20BAA00F2BAA4 /* JWTourNearTop.m */ = {isa = PBXFileReference; fileEncoding = 4; lastKnownFileType = sourcecode.c.objc; path = JWTourNearTop.m; sourceTree = "<group>"; };
		C0311F541CD22C5C00F2BAA4 /* NSArray+Log.h */ = {isa = PBXFileReference; fileEncoding = 4; lastKnownFileType = sourcecode.c.h; path = "NSArray+Log.h"; sourceTree = "<group>"; };
		C0311F551CD22C5C00F2BAA4 /* NSArray+Log.m */ = {isa = PBXFileReference; fileEncoding = 4; lastKnownFileType = sourcecode.c.objc; path = "NSArray+Log.m"; sourceTree = "<group>"; };
		C0311F591CD23D6D00F2BAA4 /* JWTourNearViewController.h */ = {isa = PBXFileReference; fileEncoding = 4; lastKnownFileType = sourcecode.c.h; path = JWTourNearViewController.h; sourceTree = "<group>"; };
		C0311F5A1CD23D6E00F2BAA4 /* JWTourNearViewController.m */ = {isa = PBXFileReference; fileEncoding = 4; lastKnownFileType = sourcecode.c.objc; path = JWTourNearViewController.m; sourceTree = "<group>"; };
		C0311F5C1CD25A6800F2BAA4 /* TourNearUrlsHeader.h */ = {isa = PBXFileReference; lastKnownFileType = sourcecode.c.h; path = TourNearUrlsHeader.h; sourceTree = "<group>"; };
		C0311F5D1CD25DC500F2BAA4 /* JWTourNearVM.h */ = {isa = PBXFileReference; fileEncoding = 4; lastKnownFileType = sourcecode.c.h; path = JWTourNearVM.h; sourceTree = "<group>"; };
		C0311F5E1CD25DC500F2BAA4 /* JWTourNearVM.m */ = {isa = PBXFileReference; fileEncoding = 4; lastKnownFileType = sourcecode.c.objc; path = JWTourNearVM.m; sourceTree = "<group>"; };
		C0311F601CD265DF00F2BAA4 /* JWTourNearModel.h */ = {isa = PBXFileReference; fileEncoding = 4; lastKnownFileType = sourcecode.c.h; path = JWTourNearModel.h; sourceTree = "<group>"; };
		C0311F611CD265DF00F2BAA4 /* JWTourNearModel.m */ = {isa = PBXFileReference; fileEncoding = 4; lastKnownFileType = sourcecode.c.objc; path = JWTourNearModel.m; sourceTree = "<group>"; };
		C0311F681CD26A2400F2BAA4 /* JWTourNearTableViewCell.h */ = {isa = PBXFileReference; fileEncoding = 4; lastKnownFileType = sourcecode.c.h; path = JWTourNearTableViewCell.h; sourceTree = "<group>"; };
		C0311F691CD26A2400F2BAA4 /* JWTourNearTableViewCell.m */ = {isa = PBXFileReference; fileEncoding = 4; lastKnownFileType = sourcecode.c.objc; path = JWTourNearTableViewCell.m; sourceTree = "<group>"; };
		C0311F6A1CD26A2400F2BAA4 /* JWTourNearTableViewCell.xib */ = {isa = PBXFileReference; fileEncoding = 4; lastKnownFileType = file.xib; path = JWTourNearTableViewCell.xib; sourceTree = "<group>"; };
		C0311F6D1CD27BA500F2BAA4 /* fanhui.png */ = {isa = PBXFileReference; lastKnownFileType = image.png; path = fanhui.png; sourceTree = "<group>"; };
		C0444AF81CC9F42A0003107F /* DefaultURLS.plist */ = {isa = PBXFileReference; fileEncoding = 4; lastKnownFileType = text.plist.xml; path = DefaultURLS.plist; sourceTree = "<group>"; };
		C0444AFA1CC9F61E0003107F /* OtherURLS.plist */ = {isa = PBXFileReference; fileEncoding = 4; lastKnownFileType = text.plist.xml; path = OtherURLS.plist; sourceTree = "<group>"; };
		C0444AFD1CC9FAD40003107F /* FMDBTool.h */ = {isa = PBXFileReference; fileEncoding = 4; lastKnownFileType = sourcecode.c.h; path = FMDBTool.h; sourceTree = "<group>"; };
		C0444AFE1CC9FAD40003107F /* FMDBTool.m */ = {isa = PBXFileReference; fileEncoding = 4; lastKnownFileType = sourcecode.c.objc; path = FMDBTool.m; sourceTree = "<group>"; };
		C0444B031CCA0F0C0003107F /* String-Header.h */ = {isa = PBXFileReference; lastKnownFileType = sourcecode.c.h; name = "String-Header.h"; path = "CarouselFigure/String-Header.h"; sourceTree = "<group>"; };
		C0444B041CCA10E20003107F /* JWItem.h */ = {isa = PBXFileReference; fileEncoding = 4; lastKnownFileType = sourcecode.c.h; path = JWItem.h; sourceTree = "<group>"; };
		C0444B051CCA10E20003107F /* JWItem.m */ = {isa = PBXFileReference; fileEncoding = 4; lastKnownFileType = sourcecode.c.objc; path = JWItem.m; sourceTree = "<group>"; };
		C0444B2A1CCB25550003107F /* JWTitleView.h */ = {isa = PBXFileReference; fileEncoding = 4; lastKnownFileType = sourcecode.c.h; path = JWTitleView.h; sourceTree = "<group>"; };
		C0444B2B1CCB25550003107F /* JWTitleView.m */ = {isa = PBXFileReference; fileEncoding = 4; lastKnownFileType = sourcecode.c.objc; path = JWTitleView.m; sourceTree = "<group>"; };
		C05603641CCBD55500413A4B /* xiangshang.png */ = {isa = PBXFileReference; lastKnownFileType = image.png; path = xiangshang.png; sourceTree = "<group>"; };
		C05603661CCBDA3800413A4B /* JWBar.h */ = {isa = PBXFileReference; fileEncoding = 4; lastKnownFileType = sourcecode.c.h; path = JWBar.h; sourceTree = "<group>"; };
		C05603671CCBDA3800413A4B /* JWBar.m */ = {isa = PBXFileReference; fileEncoding = 4; lastKnownFileType = sourcecode.c.objc; path = JWBar.m; sourceTree = "<group>"; };
		C06C98F81CD4A1F400342DBC /* JWDramaVM.h */ = {isa = PBXFileReference; fileEncoding = 4; lastKnownFileType = sourcecode.c.h; path = JWDramaVM.h; sourceTree = "<group>"; };
		C06C98F91CD4A1F400342DBC /* JWDramaVM.m */ = {isa = PBXFileReference; fileEncoding = 4; lastKnownFileType = sourcecode.c.objc; path = JWDramaVM.m; sourceTree = "<group>"; };
		C06C98FB1CD4A23000342DBC /* JWDramaTableViewCell.h */ = {isa = PBXFileReference; fileEncoding = 4; lastKnownFileType = sourcecode.c.h; path = JWDramaTableViewCell.h; sourceTree = "<group>"; };
		C06C98FC1CD4A23000342DBC /* JWDramaTableViewCell.m */ = {isa = PBXFileReference; fileEncoding = 4; lastKnownFileType = sourcecode.c.objc; path = JWDramaTableViewCell.m; sourceTree = "<group>"; };
		C06C98FD1CD4A23000342DBC /* JWDramaTableViewCell.xib */ = {isa = PBXFileReference; fileEncoding = 4; lastKnownFileType = file.xib; path = JWDramaTableViewCell.xib; sourceTree = "<group>"; };
		C06C99001CD4A33600342DBC /* JWWaterFallLayout.h */ = {isa = PBXFileReference; fileEncoding = 4; lastKnownFileType = sourcecode.c.h; path = JWWaterFallLayout.h; sourceTree = "<group>"; };
		C06C99011CD4A33600342DBC /* JWWaterFallLayout.m */ = {isa = PBXFileReference; fileEncoding = 4; lastKnownFileType = sourcecode.c.objc; path = JWWaterFallLayout.m; sourceTree = "<group>"; };
		C06C99061CD4A55D00342DBC /* NSObject+JSONExtension.h */ = {isa = PBXFileReference; fileEncoding = 4; lastKnownFileType = sourcecode.c.h; path = "NSObject+JSONExtension.h"; sourceTree = "<group>"; };
		C06C99071CD4A55D00342DBC /* NSObject+JSONExtension.m */ = {isa = PBXFileReference; fileEncoding = 4; lastKnownFileType = sourcecode.c.objc; path = "NSObject+JSONExtension.m"; sourceTree = "<group>"; };
		C06C99091CD4A59500342DBC /* JWRunTimeModel.h */ = {isa = PBXFileReference; fileEncoding = 4; lastKnownFileType = sourcecode.c.h; path = JWRunTimeModel.h; sourceTree = "<group>"; };
		C06C990A1CD4A59500342DBC /* JWRunTimeModel.m */ = {isa = PBXFileReference; fileEncoding = 4; lastKnownFileType = sourcecode.c.objc; path = JWRunTimeModel.m; sourceTree = "<group>"; };
		C06C990F1CD4B0B900342DBC /* JWDramaModel.h */ = {isa = PBXFileReference; fileEncoding = 4; lastKnownFileType = sourcecode.c.h; path = JWDramaModel.h; sourceTree = "<group>"; };
		C06C99101CD4B0B900342DBC /* JWDramaModel.m */ = {isa = PBXFileReference; fileEncoding = 4; lastKnownFileType = sourcecode.c.objc; path = JWDramaModel.m; sourceTree = "<group>"; };
		C06C99121CD4B19600342DBC /* JWDramaHeader.h */ = {isa = PBXFileReference; fileEncoding = 4; lastKnownFileType = sourcecode.c.h; path = JWDramaHeader.h; sourceTree = "<group>"; };
		C06C99171CD4B54A00342DBC /* fanjutuijian.png */ = {isa = PBXFileReference; lastKnownFileType = image.png; path = fanjutuijian.png; sourceTree = "<group>"; };
		C06C99181CD4B54A00342DBC /* zajiadouzaikan.png */ = {isa = PBXFileReference; lastKnownFileType = image.png; path = zajiadouzaikan.png; sourceTree = "<group>"; };
		C06C991B1CD4BB8500342DBC /* JWDaramHeadModel.h */ = {isa = PBXFileReference; fileEncoding = 4; lastKnownFileType = sourcecode.c.h; path = JWDaramHeadModel.h; sourceTree = "<group>"; };
		C06C991C1CD4BB8500342DBC /* JWDaramHeadModel.m */ = {isa = PBXFileReference; fileEncoding = 4; lastKnownFileType = sourcecode.c.objc; path = JWDaramHeadModel.m; sourceTree = "<group>"; };
		C06C99211CD4D7AF00342DBC /* LineLayout.h */ = {isa = PBXFileReference; fileEncoding = 4; lastKnownFileType = sourcecode.c.h; path = LineLayout.h; sourceTree = "<group>"; };
		C06C99221CD4D7AF00342DBC /* LineLayout.m */ = {isa = PBXFileReference; fileEncoding = 4; lastKnownFileType = sourcecode.c.objc; path = LineLayout.m; sourceTree = "<group>"; };
		C06C99241CD4E0F600342DBC /* JWDramaHeader.m */ = {isa = PBXFileReference; fileEncoding = 4; lastKnownFileType = sourcecode.c.objc; path = JWDramaHeader.m; sourceTree = "<group>"; };
		C06C99261CD4EA4C00342DBC /* JWDramaHeadCell.h */ = {isa = PBXFileReference; fileEncoding = 4; lastKnownFileType = sourcecode.c.h; path = JWDramaHeadCell.h; sourceTree = "<group>"; };
		C06C99271CD4EA4C00342DBC /* JWDramaHeadCell.m */ = {isa = PBXFileReference; fileEncoding = 4; lastKnownFileType = sourcecode.c.objc; path = JWDramaHeadCell.m; sourceTree = "<group>"; };
		C06C99281CD4EA4C00342DBC /* JWDramaHeadCell.xib */ = {isa = PBXFileReference; fileEncoding = 4; lastKnownFileType = file.xib; path = JWDramaHeadCell.xib; sourceTree = "<group>"; };
		C09060801CBE70950024211E /* JWTourViewModel.h */ = {isa = PBXFileReference; fileEncoding = 4; lastKnownFileType = sourcecode.c.h; path = JWTourViewModel.h; sourceTree = "<group>"; };
		C09060811CBE70950024211E /* JWTourViewModel.m */ = {isa = PBXFileReference; fileEncoding = 4; lastKnownFileType = sourcecode.c.objc; path = JWTourViewModel.m; sourceTree = "<group>"; };
		C0C92ED11CD60214008C69E3 /* JWAVPlayerViewController.h */ = {isa = PBXFileReference; fileEncoding = 4; lastKnownFileType = sourcecode.c.h; path = JWAVPlayerViewController.h; sourceTree = "<group>"; };
		C0C92ED21CD60214008C69E3 /* JWAVPlayerViewController.m */ = {isa = PBXFileReference; fileEncoding = 4; lastKnownFileType = sourcecode.c.objc; path = JWAVPlayerViewController.m; sourceTree = "<group>"; };
		C0C92ED41CD60D17008C69E3 /* JWDaramDetailViewController.h */ = {isa = PBXFileReference; fileEncoding = 4; lastKnownFileType = sourcecode.c.h; path = JWDaramDetailViewController.h; sourceTree = "<group>"; };
		C0C92ED51CD60D17008C69E3 /* JWDaramDetailViewController.m */ = {isa = PBXFileReference; fileEncoding = 4; lastKnownFileType = sourcecode.c.objc; path = JWDaramDetailViewController.m; sourceTree = "<group>"; };
		C0C92ED61CD60D17008C69E3 /* JWDaramDetailViewController.xib */ = {isa = PBXFileReference; fileEncoding = 4; lastKnownFileType = file.xib; path = JWDaramDetailViewController.xib; sourceTree = "<group>"; };
		C0C92ED91CD64210008C69E3 /* JWDramaBar.h */ = {isa = PBXFileReference; fileEncoding = 4; lastKnownFileType = sourcecode.c.h; path = JWDramaBar.h; sourceTree = "<group>"; };
		C0C92EDA1CD64210008C69E3 /* JWDramaBar.m */ = {isa = PBXFileReference; fileEncoding = 4; lastKnownFileType = sourcecode.c.objc; path = JWDramaBar.m; sourceTree = "<group>"; };
		C0C92EFF1CD771F0008C69E3 /* JWDramaDetailChild.h */ = {isa = PBXFileReference; fileEncoding = 4; lastKnownFileType = sourcecode.c.h; path = JWDramaDetailChild.h; sourceTree = "<group>"; };
		C0C92F001CD771F0008C69E3 /* JWDramaDetailChild.m */ = {isa = PBXFileReference; fileEncoding = 4; lastKnownFileType = sourcecode.c.objc; path = JWDramaDetailChild.m; sourceTree = "<group>"; };
		C0C92F031CD7889A008C69E3 /* @$91X`{7~B}~XP0C[DG~XDI.jpg */ = {isa = PBXFileReference; lastKnownFileType = image.jpeg; path = "@$91X`{7~B}~XP0C[DG~XDI.jpg"; sourceTree = "<group>"; };
		C0C92F041CD7889A008C69E3 /* bg_share_large.png */ = {isa = PBXFileReference; lastKnownFileType = image.png; path = bg_share_large.png; sourceTree = "<group>"; };
		C0C92F051CD7889A008C69E3 /* bg_share_large@2x.png */ = {isa = PBXFileReference; lastKnownFileType = image.png; path = "bg_share_large@2x.png"; sourceTree = "<group>"; };
		C0C92F061CD7889A008C69E3 /* F_{}[R1L5V%M(F9Q_R7BDDQ.jpg */ = {isa = PBXFileReference; lastKnownFileType = image.jpeg; path = "F_{}[R1L5V%M(F9Q_R7BDDQ.jpg"; sourceTree = "<group>"; };
		C0C92F071CD7889A008C69E3 /* gobackBtn.png */ = {isa = PBXFileReference; lastKnownFileType = image.png; path = gobackBtn.png; sourceTree = "<group>"; };
		C0C92F081CD7889A008C69E3 /* gobackBtn@2x.png */ = {isa = PBXFileReference; lastKnownFileType = image.png; path = "gobackBtn@2x.png"; sourceTree = "<group>"; };
		C0C92F091CD7889A008C69E3 /* gobackBtn@3x.png */ = {isa = PBXFileReference; lastKnownFileType = image.png; path = "gobackBtn@3x.png"; sourceTree = "<group>"; };
		C0C92F0A1CD7889A008C69E3 /* iconfont-back.png */ = {isa = PBXFileReference; lastKnownFileType = image.png; path = "iconfont-back.png"; sourceTree = "<group>"; };
		C0C92F0B1CD7889A008C69E3 /* iconfont-yuan.png */ = {isa = PBXFileReference; lastKnownFileType = image.png; path = "iconfont-yuan.png"; sourceTree = "<group>"; };
		C0C92F0C1CD7889A008C69E3 /* iconfont-yuanquan-2.png */ = {isa = PBXFileReference; lastKnownFileType = image.png; path = "iconfont-yuanquan-2.png"; sourceTree = "<group>"; };
		C0C92F2F1CD7889A008C69E3 /* nextPlayer.png */ = {isa = PBXFileReference; lastKnownFileType = image.png; path = nextPlayer.png; sourceTree = "<group>"; };
		C0C92F301CD7889A008C69E3 /* nextPlayer@3x.png */ = {isa = PBXFileReference; lastKnownFileType = image.png; path = "nextPlayer@3x.png"; sourceTree = "<group>"; };
		C0C92F311CD7889A008C69E3 /* pauseBtn.png */ = {isa = PBXFileReference; lastKnownFileType = image.png; path = pauseBtn.png; sourceTree = "<group>"; };
		C0C92F321CD7889A008C69E3 /* pauseBtn@2x.png */ = {isa = PBXFileReference; lastKnownFileType = image.png; path = "pauseBtn@2x.png"; sourceTree = "<group>"; };
		C0C92F331CD7889A008C69E3 /* pauseBtn@3x.png */ = {isa = PBXFileReference; lastKnownFileType = image.png; path = "pauseBtn@3x.png"; sourceTree = "<group>"; };
		C0C92F341CD7889A008C69E3 /* playBtn.png */ = {isa = PBXFileReference; lastKnownFileType = image.png; path = playBtn.png; sourceTree = "<group>"; };
		C0C92F351CD7889A008C69E3 /* playBtn@2x.png */ = {isa = PBXFileReference; lastKnownFileType = image.png; path = "playBtn@2x.png"; sourceTree = "<group>"; };
		C0C92F361CD7889A008C69E3 /* playBtn@3x.png */ = {isa = PBXFileReference; lastKnownFileType = image.png; path = "playBtn@3x.png"; sourceTree = "<group>"; };
		C0C92F371CD7889A008C69E3 /* rating.png */ = {isa = PBXFileReference; lastKnownFileType = image.png; path = rating.png; sourceTree = "<group>"; };
		C0C92F381CD7889A008C69E3 /* rating@2x.png */ = {isa = PBXFileReference; lastKnownFileType = image.png; path = "rating@2x.png"; sourceTree = "<group>"; };
		C0C92F391CD7889A008C69E3 /* rating_gray.png */ = {isa = PBXFileReference; lastKnownFileType = image.png; path = rating_gray.png; sourceTree = "<group>"; };
		C0C92F3A1CD7889A008C69E3 /* rating_gray@2x.png */ = {isa = PBXFileReference; lastKnownFileType = image.png; path = "rating_gray@2x.png"; sourceTree = "<group>"; };
		C0C92F3B1CD7889A008C69E3 /* U5I%NZFJ7[DNM)AI(~OMOZD.jpg */ = {isa = PBXFileReference; lastKnownFileType = image.jpeg; path = "U5I%NZFJ7[DNM)AI(~OMOZD.jpg"; sourceTree = "<group>"; };
		C0C92F741CD790DA008C69E3 /* JWDramaChirldVM.h */ = {isa = PBXFileReference; fileEncoding = 4; lastKnownFileType = sourcecode.c.h; path = JWDramaChirldVM.h; sourceTree = "<group>"; };
		C0C92F751CD790DA008C69E3 /* JWDramaChirldVM.m */ = {isa = PBXFileReference; fileEncoding = 4; lastKnownFileType = sourcecode.c.objc; path = JWDramaChirldVM.m; sourceTree = "<group>"; };
		C0C92F771CD7936B008C69E3 /* JWDramaChirldModel.h */ = {isa = PBXFileReference; fileEncoding = 4; lastKnownFileType = sourcecode.c.h; path = JWDramaChirldModel.h; sourceTree = "<group>"; };
		C0C92F781CD7936B008C69E3 /* JWDramaChirldModel.m */ = {isa = PBXFileReference; fileEncoding = 4; lastKnownFileType = sourcecode.c.objc; path = JWDramaChirldModel.m; sourceTree = "<group>"; };
		C0C92F7A1CD8C781008C69E3 /* JWDramaCommentCell.h */ = {isa = PBXFileReference; fileEncoding = 4; lastKnownFileType = sourcecode.c.h; path = JWDramaCommentCell.h; sourceTree = "<group>"; };
		C0C92F7B1CD8C781008C69E3 /* JWDramaCommentCell.m */ = {isa = PBXFileReference; fileEncoding = 4; lastKnownFileType = sourcecode.c.objc; path = JWDramaCommentCell.m; sourceTree = "<group>"; };
		C0C92F7C1CD8C782008C69E3 /* JWDramaCommentCell.xib */ = {isa = PBXFileReference; fileEncoding = 4; lastKnownFileType = file.xib; path = JWDramaCommentCell.xib; sourceTree = "<group>"; };
		C0C92F7F1CD8C79A008C69E3 /* JWDramaCommentModel.h */ = {isa = PBXFileReference; fileEncoding = 4; lastKnownFileType = sourcecode.c.h; path = JWDramaCommentModel.h; sourceTree = "<group>"; };
		C0C92F801CD8C79A008C69E3 /* JWDramaCommentModel.m */ = {isa = PBXFileReference; fileEncoding = 4; lastKnownFileType = sourcecode.c.objc; path = JWDramaCommentModel.m; sourceTree = "<group>"; };
		C0D8C6531CCC0CEE00189E4B /* JWNewsDB.h */ = {isa = PBXFileReference; fileEncoding = 4; lastKnownFileType = sourcecode.c.h; path = JWNewsDB.h; sourceTree = "<group>"; };
		C0D8C6541CCC0CEE00189E4B /* JWNewsDB.m */ = {isa = PBXFileReference; fileEncoding = 4; lastKnownFileType = sourcecode.c.objc; path = JWNewsDB.m; sourceTree = "<group>"; };
		C0D8C6561CCCA98C00189E4B /* delete.png */ = {isa = PBXFileReference; lastKnownFileType = image.png; path = delete.png; sourceTree = "<group>"; };
		C0D8C6591CCCD70500189E4B /* JWTableViewCellClass.h */ = {isa = PBXFileReference; fileEncoding = 4; lastKnownFileType = sourcecode.c.h; path = JWTableViewCellClass.h; sourceTree = "<group>"; };
		C0D8C65A1CCCD70500189E4B /* JWTableViewCellClass.m */ = {isa = PBXFileReference; fileEncoding = 4; lastKnownFileType = sourcecode.c.objc; path = JWTableViewCellClass.m; sourceTree = "<group>"; };
		C0D8C65C1CCCD73200189E4B /* JWNewsFactoryCell.h */ = {isa = PBXFileReference; fileEncoding = 4; lastKnownFileType = sourcecode.c.h; path = JWNewsFactoryCell.h; sourceTree = "<group>"; };
		C0D8C65D1CCCD73200189E4B /* JWNewsFactoryCell.m */ = {isa = PBXFileReference; fileEncoding = 4; lastKnownFileType = sourcecode.c.objc; path = JWNewsFactoryCell.m; sourceTree = "<group>"; };
		C0D8C65F1CCCE15600189E4B /* JWTableViewControllerClass.h */ = {isa = PBXFileReference; fileEncoding = 4; lastKnownFileType = sourcecode.c.h; path = JWTableViewControllerClass.h; sourceTree = "<group>"; };
		C0D8C6601CCCE15600189E4B /* JWTableViewControllerClass.m */ = {isa = PBXFileReference; fileEncoding = 4; lastKnownFileType = sourcecode.c.objc; path = JWTableViewControllerClass.m; sourceTree = "<group>"; };
		C0D8C6621CCCE24F00189E4B /* JWNewsModel.h */ = {isa = PBXFileReference; fileEncoding = 4; lastKnownFileType = sourcecode.c.h; path = JWNewsModel.h; sourceTree = "<group>"; };
		C0D8C6631CCCE24F00189E4B /* JWNewsModel.m */ = {isa = PBXFileReference; fileEncoding = 4; lastKnownFileType = sourcecode.c.objc; path = JWNewsModel.m; sourceTree = "<group>"; };
		C0D8C6651CCCE3A500189E4B /* JWNewsViewModel.h */ = {isa = PBXFileReference; fileEncoding = 4; lastKnownFileType = sourcecode.c.h; path = JWNewsViewModel.h; sourceTree = "<group>"; };
		C0D8C6661CCCE3A500189E4B /* JWNewsViewModel.m */ = {isa = PBXFileReference; fileEncoding = 4; lastKnownFileType = sourcecode.c.objc; path = JWNewsViewModel.m; sourceTree = "<group>"; };
		C0D8C6681CCCEB3E00189E4B /* JWNewsOneImageCell.h */ = {isa = PBXFileReference; fileEncoding = 4; lastKnownFileType = sourcecode.c.h; path = JWNewsOneImageCell.h; sourceTree = "<group>"; };
		C0D8C6691CCCEB3E00189E4B /* JWNewsOneImageCell.m */ = {isa = PBXFileReference; fileEncoding = 4; lastKnownFileType = sourcecode.c.objc; path = JWNewsOneImageCell.m; sourceTree = "<group>"; };
		C0D8C66A1CCCEB3E00189E4B /* JWNewsOneImageCell.xib */ = {isa = PBXFileReference; fileEncoding = 4; lastKnownFileType = file.xib; path = JWNewsOneImageCell.xib; sourceTree = "<group>"; };
		C0D8C66D1CCCEB6500189E4B /* JWNewsBigImageCell.h */ = {isa = PBXFileReference; fileEncoding = 4; lastKnownFileType = sourcecode.c.h; path = JWNewsBigImageCell.h; sourceTree = "<group>"; };
		C0D8C66E1CCCEB6500189E4B /* JWNewsBigImageCell.m */ = {isa = PBXFileReference; fileEncoding = 4; lastKnownFileType = sourcecode.c.objc; path = JWNewsBigImageCell.m; sourceTree = "<group>"; };
		C0D8C66F1CCCEB6500189E4B /* JWNewsBigImageCell.xib */ = {isa = PBXFileReference; fileEncoding = 4; lastKnownFileType = file.xib; path = JWNewsBigImageCell.xib; sourceTree = "<group>"; };
		C0D8C6721CCCEB9100189E4B /* JWNewsThreeImagesCell.h */ = {isa = PBXFileReference; fileEncoding = 4; lastKnownFileType = sourcecode.c.h; path = JWNewsThreeImagesCell.h; sourceTree = "<group>"; };
		C0D8C6731CCCEB9100189E4B /* JWNewsThreeImagesCell.m */ = {isa = PBXFileReference; fileEncoding = 4; lastKnownFileType = sourcecode.c.objc; path = JWNewsThreeImagesCell.m; sourceTree = "<group>"; };
		C0D8C6741CCCEB9100189E4B /* JWNewsThreeImagesCell.xib */ = {isa = PBXFileReference; fileEncoding = 4; lastKnownFileType = file.xib; path = JWNewsThreeImagesCell.xib; sourceTree = "<group>"; };
		C0F945C01CCB463200D59FA9 /* JWNewsTableViewController.h */ = {isa = PBXFileReference; fileEncoding = 4; lastKnownFileType = sourcecode.c.h; path = JWNewsTableViewController.h; sourceTree = "<group>"; };
		C0F945C11CCB463200D59FA9 /* JWNewsTableViewController.m */ = {isa = PBXFileReference; fileEncoding = 4; lastKnownFileType = sourcecode.c.objc; path = JWNewsTableViewController.m; sourceTree = "<group>"; };
		C0F945C31CCB48A600D59FA9 /* JWNewsMainScr.h */ = {isa = PBXFileReference; fileEncoding = 4; lastKnownFileType = sourcecode.c.h; path = JWNewsMainScr.h; sourceTree = "<group>"; };
		C0F945C41CCB48A600D59FA9 /* JWNewsMainScr.m */ = {isa = PBXFileReference; fileEncoding = 4; lastKnownFileType = sourcecode.c.objc; path = JWNewsMainScr.m; sourceTree = "<group>"; };
		C0F945C61CCB52A600D59FA9 /* JWArrowBtn.h */ = {isa = PBXFileReference; fileEncoding = 4; lastKnownFileType = sourcecode.c.h; path = JWArrowBtn.h; sourceTree = "<group>"; };
		C0F945C71CCB52A600D59FA9 /* JWArrowBtn.m */ = {isa = PBXFileReference; fileEncoding = 4; lastKnownFileType = sourcecode.c.objc; path = JWArrowBtn.m; sourceTree = "<group>"; };
		C0F945C91CCB53A000D59FA9 /* xiangxia.png */ = {isa = PBXFileReference; lastKnownFileType = image.png; path = xiangxia.png; sourceTree = "<group>"; };
		C0F945CB1CCB5ACF00D59FA9 /* JWListView.h */ = {isa = PBXFileReference; fileEncoding = 4; lastKnownFileType = sourcecode.c.h; path = JWListView.h; sourceTree = "<group>"; };
		C0F945CC1CCB5ACF00D59FA9 /* JWListView.m */ = {isa = PBXFileReference; fileEncoding = 4; lastKnownFileType = sourcecode.c.objc; path = JWListView.m; sourceTree = "<group>"; };
		D55E2A725F648B106E206830 /* Pods.release.xcconfig */ = {isa = PBXFileReference; includeInIndex = 1; lastKnownFileType = text.xcconfig; name = Pods.release.xcconfig; path = "Pods/Target Support Files/Pods/Pods.release.xcconfig"; sourceTree = "<group>"; };
		EC4ECB0B19F15FAF55646927 /* libPods.a */ = {isa = PBXFileReference; explicitFileType = archive.ar; includeInIndex = 0; path = libPods.a; sourceTree = BUILT_PRODUCTS_DIR; };
/* End PBXFileReference section */

/* Begin PBXFrameworksBuildPhase section */
		C01236161CBE57E900AAA15C /* Frameworks */ = {
			isa = PBXFrameworksBuildPhase;
			buildActionMask = 2147483647;
			files = (
				6A85A4B448584C44464A7C55 /* libPods.a in Frameworks */,
			);
			runOnlyForDeploymentPostprocessing = 0;
		};
/* End PBXFrameworksBuildPhase section */

/* Begin PBXGroup section */
		3341EBE5AFB4B2A7ACE921FD /* Pods */ = {
			isa = PBXGroup;
			children = (
				90567151FE1CA361955448F7 /* Pods.debug.xcconfig */,
				D55E2A725F648B106E206830 /* Pods.release.xcconfig */,
			);
			name = Pods;
			sourceTree = "<group>";
		};
		76CB289190B8F7243CFA5913 /* Frameworks */ = {
			isa = PBXGroup;
			children = (
				EC4ECB0B19F15FAF55646927 /* libPods.a */,
			);
			name = Frameworks;
			sourceTree = "<group>";
		};
		C00348B61CD931EA002E5AD9 /* 弹幕 */ = {
			isa = PBXGroup;
			children = (
				C00348BA1CD933C6002E5AD9 /* CFDanmuClass.h */,
				C00348BB1CD933C6002E5AD9 /* CFDanmuClass.m */,
				C00348BD1CD933F7002E5AD9 /* CFDanmuku.h */,
				C00348BE1CD933F7002E5AD9 /* CFDanmuku.m */,
				C00348C01CD9341C002E5AD9 /* CFDanmukuinfo.h */,
				C00348C11CD9341C002E5AD9 /* CFDanmukuinfo.m */,
				C00348C31CD934B6002E5AD9 /* CFDanumukuView.h */,
				C00348C41CD934B6002E5AD9 /* CFDanumukuView.m */,
				C00348C61CD937FE002E5AD9 /* JWDanmuModel.h */,
				C00348C71CD937FE002E5AD9 /* JWDanmuModel.m */,
				C00348C91CD9388A002E5AD9 /* JWXML2Dic.h */,
				C00348CA1CD9388A002E5AD9 /* JWXML2Dic.m */,
			);
			path = "弹幕";
			sourceTree = "<group>";
		};
		C00CB4F41CD3C9F000C70593 /* Video */ = {
			isa = PBXGroup;
			children = (
				C00CB4F51CD3C9F000C70593 /* Model */,
				C00CB4F61CD3C9F000C70593 /* View */,
				C00CB4F71CD3C9F000C70593 /* ViewController */,
				C00CB4F81CD3C9F000C70593 /* ViewModel */,
			);
			path = Video;
			sourceTree = "<group>";
		};
		C00CB4F51CD3C9F000C70593 /* Model */ = {
			isa = PBXGroup;
			children = (
				C06C990F1CD4B0B900342DBC /* JWDramaModel.h */,
				C06C99101CD4B0B900342DBC /* JWDramaModel.m */,
				C06C991B1CD4BB8500342DBC /* JWDaramHeadModel.h */,
				C06C991C1CD4BB8500342DBC /* JWDaramHeadModel.m */,
				C0C92F771CD7936B008C69E3 /* JWDramaChirldModel.h */,
				C0C92F781CD7936B008C69E3 /* JWDramaChirldModel.m */,
				C0C92F7F1CD8C79A008C69E3 /* JWDramaCommentModel.h */,
				C0C92F801CD8C79A008C69E3 /* JWDramaCommentModel.m */,
				C00348E91CD952D1002E5AD9 /* JWSpModel.h */,
				C00348EA1CD952D1002E5AD9 /* JWSpModel.m */,
			);
			path = Model;
			sourceTree = "<group>";
		};
		C00CB4F61CD3C9F000C70593 /* View */ = {
			isa = PBXGroup;
			children = (
				C06C99211CD4D7AF00342DBC /* LineLayout.h */,
				C06C99221CD4D7AF00342DBC /* LineLayout.m */,
				C06C98FB1CD4A23000342DBC /* JWDramaTableViewCell.h */,
				C06C98FC1CD4A23000342DBC /* JWDramaTableViewCell.m */,
				C06C98FD1CD4A23000342DBC /* JWDramaTableViewCell.xib */,
				C06C99001CD4A33600342DBC /* JWWaterFallLayout.h */,
				C06C99011CD4A33600342DBC /* JWWaterFallLayout.m */,
				C06C99121CD4B19600342DBC /* JWDramaHeader.h */,
				C06C99241CD4E0F600342DBC /* JWDramaHeader.m */,
				C06C99261CD4EA4C00342DBC /* JWDramaHeadCell.h */,
				C06C99271CD4EA4C00342DBC /* JWDramaHeadCell.m */,
				C06C99281CD4EA4C00342DBC /* JWDramaHeadCell.xib */,
				C0C92ED91CD64210008C69E3 /* JWDramaBar.h */,
				C0C92EDA1CD64210008C69E3 /* JWDramaBar.m */,
				C0C92F7A1CD8C781008C69E3 /* JWDramaCommentCell.h */,
				C0C92F7B1CD8C781008C69E3 /* JWDramaCommentCell.m */,
				C0C92F7C1CD8C782008C69E3 /* JWDramaCommentCell.xib */,
				C00348E31CD94F9D002E5AD9 /* JWBtnBar.h */,
				C00348E41CD94F9D002E5AD9 /* JWBtnBar.m */,
				C00348E61CD95280002E5AD9 /* JWSpView.h */,
				C00348E71CD95280002E5AD9 /* JWSpView.m */,
			);
			path = View;
			sourceTree = "<group>";
		};
		C00CB4F71CD3C9F000C70593 /* ViewController */ = {
			isa = PBXGroup;
			children = (
				C00CB4F91CD3CA1500C70593 /* JWVideoViewController.h */,
				C00CB4FA1CD3CA1500C70593 /* JWVideoViewController.m */,
				C0C92ED41CD60D17008C69E3 /* JWDaramDetailViewController.h */,
				C0C92ED51CD60D17008C69E3 /* JWDaramDetailViewController.m */,
				C0C92ED61CD60D17008C69E3 /* JWDaramDetailViewController.xib */,
				C0C92EFF1CD771F0008C69E3 /* JWDramaDetailChild.h */,
				C0C92F001CD771F0008C69E3 /* JWDramaDetailChild.m */,
				C00348DE1CD94E76002E5AD9 /* JWDramaShopController.h */,
				C00348DF1CD94E76002E5AD9 /* JWDramaShopController.m */,
				C00348E01CD94E76002E5AD9 /* JWDramaShopController.xib */,
			);
			path = ViewController;
			sourceTree = "<group>";
		};
		C00CB4F81CD3C9F000C70593 /* ViewModel */ = {
			isa = PBXGroup;
			children = (
				C06C98F81CD4A1F400342DBC /* JWDramaVM.h */,
				C06C98F91CD4A1F400342DBC /* JWDramaVM.m */,
				C0C92F741CD790DA008C69E3 /* JWDramaChirldVM.h */,
				C0C92F751CD790DA008C69E3 /* JWDramaChirldVM.m */,
			);
			path = ViewModel;
			sourceTree = "<group>";
		};
		C01236101CBE57E900AAA15C = {
			isa = PBXGroup;
			children = (
				C012361B1CBE57E900AAA15C /* BagNews */,
				C012361A1CBE57E900AAA15C /* Products */,
				3341EBE5AFB4B2A7ACE921FD /* Pods */,
				76CB289190B8F7243CFA5913 /* Frameworks */,
			);
			sourceTree = "<group>";
		};
		C012361A1CBE57E900AAA15C /* Products */ = {
			isa = PBXGroup;
			children = (
				C01236191CBE57E900AAA15C /* BagNews.app */,
			);
			name = Products;
			sourceTree = "<group>";
		};
		C012361B1CBE57E900AAA15C /* BagNews */ = {
			isa = PBXGroup;
			children = (
				C0D8C6581CCCD6E400189E4B /* Factory */,
				C012366D1CBE5AE600AAA15C /* Category */,
				C01236331CBE585600AAA15C /* BaseMVVM */,
				C01236341CBE585600AAA15C /* Classes */,
				C01236351CBE585600AAA15C /* Main */,
				C01236361CBE585600AAA15C /* Picture */,
				C01236371CBE585600AAA15C /* Tool */,
				C012361C1CBE57E900AAA15C /* Supporting Files */,
			);
			path = BagNews;
			sourceTree = "<group>";
		};
		C012361C1CBE57E900AAA15C /* Supporting Files */ = {
			isa = PBXGroup;
			children = (
				C012361D1CBE57E900AAA15C /* main.m */,
			);
			name = "Supporting Files";
			sourceTree = "<group>";
		};
		C01236331CBE585600AAA15C /* BaseMVVM */ = {
			isa = PBXGroup;
			children = (
				C01236381CBE590800AAA15C /* JWBaseViewController.h */,
				C01236391CBE590800AAA15C /* JWBaseViewController.m */,
				C012363B1CBE591400AAA15C /* JWModel.h */,
				C012363C1CBE591400AAA15C /* JWModel.m */,
				C012363E1CBE592200AAA15C /* JWViewModel.h */,
				C012363F1CBE592200AAA15C /* JWViewModel.m */,
				C0D8C6591CCCD70500189E4B /* JWTableViewCellClass.h */,
				C0D8C65A1CCCD70500189E4B /* JWTableViewCellClass.m */,
				C0D8C65F1CCCE15600189E4B /* JWTableViewControllerClass.h */,
				C0D8C6601CCCE15600189E4B /* JWTableViewControllerClass.m */,
				C011C5A51CCE8475007B1BDA /* JWWebViewController.h */,
				C011C5A61CCE8475007B1BDA /* JWWebViewController.m */,
				C06C99091CD4A59500342DBC /* JWRunTimeModel.h */,
				C06C990A1CD4A59500342DBC /* JWRunTimeModel.m */,
			);
			path = BaseMVVM;
			sourceTree = "<group>";
		};
		C01236341CBE585600AAA15C /* Classes */ = {
			isa = PBXGroup;
			children = (
				C00CB4F41CD3C9F000C70593 /* Video */,
				C01236461CBE593400AAA15C /* Mine */,
				C012364B1CBE593400AAA15C /* News */,
				C01236501CBE593400AAA15C /* Tour */,
			);
			path = Classes;
			sourceTree = "<group>";
		};
		C01236351CBE585600AAA15C /* Main */ = {
			isa = PBXGroup;
			children = (
				C01236641CBE5A6900AAA15C /* JWNavigationController.h */,
				C01236651CBE5A6900AAA15C /* JWNavigationController.m */,
				C01236661CBE5A6900AAA15C /* MainViewController.h */,
				C01236671CBE5A6900AAA15C /* MainViewController.m */,
				C01236751CBE5BDE00AAA15C /* JWRootViewController.h */,
				C01236761CBE5BDE00AAA15C /* JWRootViewController.m */,
				C01236611CBE5A6200AAA15C /* AppDelegate.h */,
				C01236621CBE5A6200AAA15C /* AppDelegate.m */,
				C01236251CBE57E900AAA15C /* Main.storyboard */,
				C01236281CBE57E900AAA15C /* Assets.xcassets */,
				C012362A1CBE57E900AAA15C /* LaunchScreen.storyboard */,
				C01236741CBE5AF700AAA15C /* PrefixHeader.pch */,
				C012362D1CBE57E900AAA15C /* Info.plist */,
			);
			path = Main;
			sourceTree = "<group>";
		};
		C01236361CBE585600AAA15C /* Picture */ = {
			isa = PBXGroup;
			children = (
				C06C99171CD4B54A00342DBC /* fanjutuijian.png */,
				C06C99181CD4B54A00342DBC /* zajiadouzaikan.png */,
				C0311F6D1CD27BA500F2BAA4 /* fanhui.png */,
				C0311F471CD20A9100F2BAA4 /* dingwei.png */,
				C0311F421CD1FBE200F2BAA4 /* longing.png */,
				C0311F401CD1F74300F2BAA4 /* iconfont-xiangshang.png */,
				C0311F3E1CD1F2F500F2BAA4 /* xiangshangsuoyi.png */,
				C01C1C801CD0DD6D00F456A6 /* smallPlayHolder.png */,
				C0D8C6561CCCA98C00189E4B /* delete.png */,
				C05603641CCBD55500413A4B /* xiangshang.png */,
				C0F945C91CCB53A000D59FA9 /* xiangxia.png */,
				C01236781CBE607D00AAA15C /* xinwenputong.png */,
				C01236791CBE607D00AAA15C /* xinwenxuanzhong.png */,
			);
			path = Picture;
			sourceTree = "<group>";
		};
		C01236371CBE585600AAA15C /* Tool */ = {
			isa = PBXGroup;
			children = (
				C0C92ED01CD601FC008C69E3 /* AVPlayer */,
				C0311F4F1CD22C5C00F2BAA4 /* Map+NSLog */,
				C0444AFC1CC9FAD40003107F /* FMDB封装 */,
				C09060831CBE74140024211E /* CarouselFigure */,
				C012368B1CBE6E0200AAA15C /* JWNetTool.h */,
				C012368C1CBE6E0200AAA15C /* JWNetTool.m */,
				C0444AF81CC9F42A0003107F /* DefaultURLS.plist */,
				C0444AFA1CC9F61E0003107F /* OtherURLS.plist */,
				C0444B031CCA0F0C0003107F /* String-Header.h */,
				C0D8C6531CCC0CEE00189E4B /* JWNewsDB.h */,
				C0D8C6541CCC0CEE00189E4B /* JWNewsDB.m */,
			);
			path = Tool;
			sourceTree = "<group>";
		};
		C01236461CBE593400AAA15C /* Mine */ = {
			isa = PBXGroup;
			children = (
				C01236471CBE593400AAA15C /* Model */,
				C01236481CBE593400AAA15C /* View */,
				C01236491CBE593400AAA15C /* ViewController */,
				C012364A1CBE593400AAA15C /* ViewModel */,
			);
			path = Mine;
			sourceTree = "<group>";
		};
		C01236471CBE593400AAA15C /* Model */ = {
			isa = PBXGroup;
			children = (
			);
			path = Model;
			sourceTree = "<group>";
		};
		C01236481CBE593400AAA15C /* View */ = {
			isa = PBXGroup;
			children = (
			);
			path = View;
			sourceTree = "<group>";
		};
		C01236491CBE593400AAA15C /* ViewController */ = {
			isa = PBXGroup;
			children = (
				C01236581CBE597800AAA15C /* JWMineViewController.h */,
				C01236591CBE597800AAA15C /* JWMineViewController.m */,
			);
			path = ViewController;
			sourceTree = "<group>";
		};
		C012364A1CBE593400AAA15C /* ViewModel */ = {
			isa = PBXGroup;
			children = (
			);
			path = ViewModel;
			sourceTree = "<group>";
		};
		C012364B1CBE593400AAA15C /* News */ = {
			isa = PBXGroup;
			children = (
				C012364C1CBE593400AAA15C /* Model */,
				C012364D1CBE593400AAA15C /* View */,
				C012364E1CBE593400AAA15C /* ViewController */,
				C012364F1CBE593400AAA15C /* ViewModel */,
			);
			path = News;
			sourceTree = "<group>";
		};
		C012364C1CBE593400AAA15C /* Model */ = {
			isa = PBXGroup;
			children = (
				C0D8C6621CCCE24F00189E4B /* JWNewsModel.h */,
				C0D8C6631CCCE24F00189E4B /* JWNewsModel.m */,
			);
			path = Model;
			sourceTree = "<group>";
		};
		C012364D1CBE593400AAA15C /* View */ = {
			isa = PBXGroup;
			children = (
				C0444B041CCA10E20003107F /* JWItem.h */,
				C0444B051CCA10E20003107F /* JWItem.m */,
				C0444B2A1CCB25550003107F /* JWTitleView.h */,
				C0444B2B1CCB25550003107F /* JWTitleView.m */,
				C0F945C31CCB48A600D59FA9 /* JWNewsMainScr.h */,
				C0F945C41CCB48A600D59FA9 /* JWNewsMainScr.m */,
				C0F945C61CCB52A600D59FA9 /* JWArrowBtn.h */,
				C0F945C71CCB52A600D59FA9 /* JWArrowBtn.m */,
				C0F945CB1CCB5ACF00D59FA9 /* JWListView.h */,
				C0F945CC1CCB5ACF00D59FA9 /* JWListView.m */,
				C05603661CCBDA3800413A4B /* JWBar.h */,
				C05603671CCBDA3800413A4B /* JWBar.m */,
				C0D8C6681CCCEB3E00189E4B /* JWNewsOneImageCell.h */,
				C0D8C6691CCCEB3E00189E4B /* JWNewsOneImageCell.m */,
				C0D8C66A1CCCEB3E00189E4B /* JWNewsOneImageCell.xib */,
				C0D8C66D1CCCEB6500189E4B /* JWNewsBigImageCell.h */,
				C0D8C66E1CCCEB6500189E4B /* JWNewsBigImageCell.m */,
				C0D8C66F1CCCEB6500189E4B /* JWNewsBigImageCell.xib */,
				C0D8C6721CCCEB9100189E4B /* JWNewsThreeImagesCell.h */,
				C0D8C6731CCCEB9100189E4B /* JWNewsThreeImagesCell.m */,
				C0D8C6741CCCEB9100189E4B /* JWNewsThreeImagesCell.xib */,
			);
			path = View;
			sourceTree = "<group>";
		};
		C012364E1CBE593400AAA15C /* ViewController */ = {
			isa = PBXGroup;
			children = (
				C012365B1CBE598800AAA15C /* JWNewsViewController.h */,
				C012365C1CBE598800AAA15C /* JWNewsViewController.m */,
				C0F945C01CCB463200D59FA9 /* JWNewsTableViewController.h */,
				C0F945C11CCB463200D59FA9 /* JWNewsTableViewController.m */,
			);
			path = ViewController;
			sourceTree = "<group>";
		};
		C012364F1CBE593400AAA15C /* ViewModel */ = {
			isa = PBXGroup;
			children = (
				C0D8C6651CCCE3A500189E4B /* JWNewsViewModel.h */,
				C0D8C6661CCCE3A500189E4B /* JWNewsViewModel.m */,
			);
			path = ViewModel;
			sourceTree = "<group>";
		};
		C01236501CBE593400AAA15C /* Tour */ = {
			isa = PBXGroup;
			children = (
				C01236511CBE593400AAA15C /* Model */,
				C01236521CBE593400AAA15C /* View */,
				C01236531CBE593400AAA15C /* ViewController */,
				C01236541CBE593400AAA15C /* ViewModel */,
			);
			path = Tour;
			sourceTree = "<group>";
		};
		C01236511CBE593400AAA15C /* Model */ = {
			isa = PBXGroup;
			children = (
				C01C1C871CD0EC4900F456A6 /* JWTourLocationsModel.h */,
				C01C1C881CD0EC4900F456A6 /* JWTourLocationsModel.m */,
				C01C1C8A1CD0ECB600F456A6 /* JWTourCustomModel.h */,
				C01C1C8B1CD0ECB600F456A6 /* JWTourCustomModel.m */,
				C0311F5C1CD25A6800F2BAA4 /* TourNearUrlsHeader.h */,
				C0311F601CD265DF00F2BAA4 /* JWTourNearModel.h */,
				C0311F611CD265DF00F2BAA4 /* JWTourNearModel.m */,
			);
			path = Model;
			sourceTree = "<group>";
		};
		C01236521CBE593400AAA15C /* View */ = {
			isa = PBXGroup;
			children = (
				C01C1C821CD0E91100F456A6 /* JWTourBigCell.h */,
				C01C1C831CD0E91100F456A6 /* JWTourBigCell.m */,
				C01C1C841CD0E91100F456A6 /* JWTourBigCell.xib */,
				C0311F491CD20BAA00F2BAA4 /* JWTourNearTop.h */,
				C0311F4A1CD20BAA00F2BAA4 /* JWTourNearTop.m */,
				C0311F681CD26A2400F2BAA4 /* JWTourNearTableViewCell.h */,
				C0311F691CD26A2400F2BAA4 /* JWTourNearTableViewCell.m */,
				C0311F6A1CD26A2400F2BAA4 /* JWTourNearTableViewCell.xib */,
			);
			path = View;
			sourceTree = "<group>";
		};
		C01236531CBE593400AAA15C /* ViewController */ = {
			isa = PBXGroup;
			children = (
				C012365E1CBE599B00AAA15C /* JWTourViewController.h */,
				C012365F1CBE599B00AAA15C /* JWTourViewController.m */,
				C0311F441CD2096800F2BAA4 /* JWTourNearMainViewController.h */,
				C0311F451CD2096800F2BAA4 /* JWTourNearMainViewController.m */,
				C0311F591CD23D6D00F2BAA4 /* JWTourNearViewController.h */,
				C0311F5A1CD23D6E00F2BAA4 /* JWTourNearViewController.m */,
			);
			path = ViewController;
			sourceTree = "<group>";
		};
		C01236541CBE593400AAA15C /* ViewModel */ = {
			isa = PBXGroup;
			children = (
				C09060801CBE70950024211E /* JWTourViewModel.h */,
				C09060811CBE70950024211E /* JWTourViewModel.m */,
				C0311F5D1CD25DC500F2BAA4 /* JWTourNearVM.h */,
				C0311F5E1CD25DC500F2BAA4 /* JWTourNearVM.m */,
			);
			path = ViewModel;
			sourceTree = "<group>";
		};
		C012366D1CBE5AE600AAA15C /* Category */ = {
			isa = PBXGroup;
			children = (
				C06C99061CD4A55D00342DBC /* NSObject+JSONExtension.h */,
				C06C99071CD4A55D00342DBC /* NSObject+JSONExtension.m */,
				C012366E1CBE5AE600AAA15C /* UIBarButtonItem+Extension.h */,
				C012366F1CBE5AE600AAA15C /* UIBarButtonItem+Extension.m */,
				C01236701CBE5AE600AAA15C /* UIView+Extension.h */,
				C01236711CBE5AE600AAA15C /* UIView+Extension.m */,
				C011C5A21CCE7B0D007B1BDA /* UITableViewCell+JW.h */,
				C011C5A31CCE7B0D007B1BDA /* UITableViewCell+JW.m */,
				C00348D01CD94A12002E5AD9 /* NSString+Tools.h */,
				C00348D11CD94A12002E5AD9 /* NSString+Tools.m */,
				C00348D31CD94A20002E5AD9 /* NSDictionary+Tools.h */,
				C00348D41CD94A20002E5AD9 /* NSDictionary+Tools.m */,
			);
			path = Category;
			sourceTree = "<group>";
		};
		C0311F4F1CD22C5C00F2BAA4 /* Map+NSLog */ = {
			isa = PBXGroup;
			children = (
				C0311F541CD22C5C00F2BAA4 /* NSArray+Log.h */,
				C0311F551CD22C5C00F2BAA4 /* NSArray+Log.m */,
			);
			path = "Map+NSLog";
			sourceTree = "<group>";
		};
		C0444AFC1CC9FAD40003107F /* FMDB封装 */ = {
			isa = PBXGroup;
			children = (
				C0444AFD1CC9FAD40003107F /* FMDBTool.h */,
				C0444AFE1CC9FAD40003107F /* FMDBTool.m */,
			);
			path = "FMDB封装";
			sourceTree = "<group>";
		};
		C09060831CBE74140024211E /* CarouselFigure */ = {
			isa = PBXGroup;
			children = (
				C011C5991CCE6993007B1BDA /* JWCarouselFigureView.h */,
				C011C59A1CCE6993007B1BDA /* JWCarouselFigureView.m */,
				C011C59B1CCE6993007B1BDA /* JWCollectionViewCell.h */,
				C011C59C1CCE6993007B1BDA /* JWCollectionViewCell.m */,
				C011C59D1CCE6993007B1BDA /* JWCollectionViewCell.xib */,
			);
			path = CarouselFigure;
			sourceTree = "<group>";
		};
		C0C92ED01CD601FC008C69E3 /* AVPlayer */ = {
			isa = PBXGroup;
			children = (
				C00348B61CD931EA002E5AD9 /* 弹幕 */,
				C0C92F021CD7889A008C69E3 /* Resource */,
				C0C92ED11CD60214008C69E3 /* JWAVPlayerViewController.h */,
				C0C92ED21CD60214008C69E3 /* JWAVPlayerViewController.m */,
			);
			path = AVPlayer;
			sourceTree = "<group>";
		};
		C0C92F021CD7889A008C69E3 /* Resource */ = {
			isa = PBXGroup;
			children = (
				C0C92F031CD7889A008C69E3 /* @$91X`{7~B}~XP0C[DG~XDI.jpg */,
				C0C92F041CD7889A008C69E3 /* bg_share_large.png */,
				C0C92F051CD7889A008C69E3 /* bg_share_large@2x.png */,
				C0C92F061CD7889A008C69E3 /* F_{}[R1L5V%M(F9Q_R7BDDQ.jpg */,
				C0C92F071CD7889A008C69E3 /* gobackBtn.png */,
				C0C92F081CD7889A008C69E3 /* gobackBtn@2x.png */,
				C0C92F091CD7889A008C69E3 /* gobackBtn@3x.png */,
				C0C92F0A1CD7889A008C69E3 /* iconfont-back.png */,
				C0C92F0B1CD7889A008C69E3 /* iconfont-yuan.png */,
				C0C92F0C1CD7889A008C69E3 /* iconfont-yuanquan-2.png */,
				C0C92F2F1CD7889A008C69E3 /* nextPlayer.png */,
				C0C92F301CD7889A008C69E3 /* nextPlayer@3x.png */,
				C0C92F311CD7889A008C69E3 /* pauseBtn.png */,
				C0C92F321CD7889A008C69E3 /* pauseBtn@2x.png */,
				C0C92F331CD7889A008C69E3 /* pauseBtn@3x.png */,
				C0C92F341CD7889A008C69E3 /* playBtn.png */,
				C0C92F351CD7889A008C69E3 /* playBtn@2x.png */,
				C0C92F361CD7889A008C69E3 /* playBtn@3x.png */,
				C0C92F371CD7889A008C69E3 /* rating.png */,
				C0C92F381CD7889A008C69E3 /* rating@2x.png */,
				C0C92F391CD7889A008C69E3 /* rating_gray.png */,
				C0C92F3A1CD7889A008C69E3 /* rating_gray@2x.png */,
				C0C92F3B1CD7889A008C69E3 /* U5I%NZFJ7[DNM)AI(~OMOZD.jpg */,
			);
			path = Resource;
			sourceTree = "<group>";
		};
		C0D8C6581CCCD6E400189E4B /* Factory */ = {
			isa = PBXGroup;
			children = (
				C0D8C65C1CCCD73200189E4B /* JWNewsFactoryCell.h */,
				C0D8C65D1CCCD73200189E4B /* JWNewsFactoryCell.m */,
			);
			path = Factory;
			sourceTree = "<group>";
		};
/* End PBXGroup section */

/* Begin PBXNativeTarget section */
		C01236181CBE57E900AAA15C /* BagNews */ = {
			isa = PBXNativeTarget;
			buildConfigurationList = C01236301CBE57E900AAA15C /* Build configuration list for PBXNativeTarget "BagNews" */;
			buildPhases = (
				77EFF9BA96110DEE3A212850 /* Check Pods Manifest.lock */,
				C01236151CBE57E900AAA15C /* Sources */,
				C01236161CBE57E900AAA15C /* Frameworks */,
				C01236171CBE57E900AAA15C /* Resources */,
				3B643CCC454E755C737C762B /* Embed Pods Frameworks */,
				282578ED7B4EC1D5B6FB89E8 /* Copy Pods Resources */,
			);
			buildRules = (
			);
			dependencies = (
			);
			name = BagNews;
			productName = BagNews;
			productReference = C01236191CBE57E900AAA15C /* BagNews.app */;
			productType = "com.apple.product-type.application";
		};
/* End PBXNativeTarget section */

/* Begin PBXProject section */
		C01236111CBE57E900AAA15C /* Project object */ = {
			isa = PBXProject;
			attributes = {
				CLASSPREFIX = JW;
				LastUpgradeCheck = 0720;
				ORGANIZATIONNAME = "微凉";
				TargetAttributes = {
					C01236181CBE57E900AAA15C = {
						CreatedOnToolsVersion = 7.2;
					};
				};
			};
			buildConfigurationList = C01236141CBE57E900AAA15C /* Build configuration list for PBXProject "BagNews" */;
			compatibilityVersion = "Xcode 3.2";
			developmentRegion = English;
			hasScannedForEncodings = 0;
			knownRegions = (
				en,
				Base,
			);
			mainGroup = C01236101CBE57E900AAA15C;
			productRefGroup = C012361A1CBE57E900AAA15C /* Products */;
			projectDirPath = "";
			projectRoot = "";
			targets = (
				C01236181CBE57E900AAA15C /* BagNews */,
			);
		};
/* End PBXProject section */

/* Begin PBXResourcesBuildPhase section */
		C01236171CBE57E900AAA15C /* Resources */ = {
			isa = PBXResourcesBuildPhase;
			buildActionMask = 2147483647;
			files = (
				C0C92F3D1CD7889A008C69E3 /* bg_share_large.png in Resources */,
				C0C92F421CD7889A008C69E3 /* gobackBtn@3x.png in Resources */,
				C0311F6C1CD26A2400F2BAA4 /* JWTourNearTableViewCell.xib in Resources */,
				C012362C1CBE57E900AAA15C /* LaunchScreen.storyboard in Resources */,
				C0C92F3F1CD7889A008C69E3 /* F_{}[R1L5V%M(F9Q_R7BDDQ.jpg in Resources */,
				C011C5A01CCE6993007B1BDA /* JWCollectionViewCell.xib in Resources */,
				C0C92F6F1CD7889A008C69E3 /* rating.png in Resources */,
				C0C92F6A1CD7889A008C69E3 /* pauseBtn@2x.png in Resources */,
				C0C92F6C1CD7889A008C69E3 /* playBtn.png in Resources */,
				C0444AFB1CC9F61E0003107F /* OtherURLS.plist in Resources */,
				C00348E21CD94E76002E5AD9 /* JWDramaShopController.xib in Resources */,
				C0C92F3E1CD7889A008C69E3 /* bg_share_large@2x.png in Resources */,
				C0C92F431CD7889A008C69E3 /* iconfont-back.png in Resources */,
				C06C992A1CD4EA4D00342DBC /* JWDramaHeadCell.xib in Resources */,
				C0C92F3C1CD7889A008C69E3 /* @$91X`{7~B}~XP0C[DG~XDI.jpg in Resources */,
				C06C991A1CD4B54A00342DBC /* zajiadouzaikan.png in Resources */,
				C0C92F681CD7889A008C69E3 /* nextPlayer@3x.png in Resources */,
				C0C92F6B1CD7889A008C69E3 /* pauseBtn@3x.png in Resources */,
				C0C92F711CD7889A008C69E3 /* rating_gray.png in Resources */,
				C012367A1CBE607D00AAA15C /* xinwenputong.png in Resources */,
				C0C92F6E1CD7889A008C69E3 /* playBtn@3x.png in Resources */,
				C0C92F7E1CD8C782008C69E3 /* JWDramaCommentCell.xib in Resources */,
				C0C92F411CD7889A008C69E3 /* gobackBtn@2x.png in Resources */,
				C0C92F701CD7889A008C69E3 /* rating@2x.png in Resources */,
				C0C92F401CD7889A008C69E3 /* gobackBtn.png in Resources */,
				C05603651CCBD55500413A4B /* xiangshang.png in Resources */,
				C06C98FF1CD4A23000342DBC /* JWDramaTableViewCell.xib in Resources */,
				C0311F3F1CD1F2F500F2BAA4 /* xiangshangsuoyi.png in Resources */,
				C0C92ED81CD60D17008C69E3 /* JWDaramDetailViewController.xib in Resources */,
				C0C92F721CD7889A008C69E3 /* rating_gray@2x.png in Resources */,
				C0D8C6761CCCEB9100189E4B /* JWNewsThreeImagesCell.xib in Resources */,
				C0D8C6571CCCA98C00189E4B /* delete.png in Resources */,
				C0C92F731CD7889A008C69E3 /* U5I%NZFJ7[DNM)AI(~OMOZD.jpg in Resources */,
				C0311F431CD1FBE200F2BAA4 /* longing.png in Resources */,
				C01C1C811CD0DD6D00F456A6 /* smallPlayHolder.png in Resources */,
				C0D8C6711CCCEB6500189E4B /* JWNewsBigImageCell.xib in Resources */,
				C0C92F671CD7889A008C69E3 /* nextPlayer.png in Resources */,
				C0D8C66C1CCCEB3E00189E4B /* JWNewsOneImageCell.xib in Resources */,
				C0311F411CD1F74300F2BAA4 /* iconfont-xiangshang.png in Resources */,
				C0C92F441CD7889A008C69E3 /* iconfont-yuan.png in Resources */,
				C012367B1CBE607D00AAA15C /* xinwenxuanzhong.png in Resources */,
				C0444AF91CC9F42A0003107F /* DefaultURLS.plist in Resources */,
				C0311F6E1CD27BA500F2BAA4 /* fanhui.png in Resources */,
				C01236291CBE57E900AAA15C /* Assets.xcassets in Resources */,
				C0F945CA1CCB53A000D59FA9 /* xiangxia.png in Resources */,
				C0C92F6D1CD7889A008C69E3 /* playBtn@2x.png in Resources */,
				C06C99191CD4B54A00342DBC /* fanjutuijian.png in Resources */,
				C0311F481CD20A9100F2BAA4 /* dingwei.png in Resources */,
				C01236271CBE57E900AAA15C /* Main.storyboard in Resources */,
				C0C92F691CD7889A008C69E3 /* pauseBtn.png in Resources */,
				C01C1C861CD0E91100F456A6 /* JWTourBigCell.xib in Resources */,
				C0C92F451CD7889A008C69E3 /* iconfont-yuanquan-2.png in Resources */,
			);
			runOnlyForDeploymentPostprocessing = 0;
		};
/* End PBXResourcesBuildPhase section */

/* Begin PBXShellScriptBuildPhase section */
		282578ED7B4EC1D5B6FB89E8 /* Copy Pods Resources */ = {
			isa = PBXShellScriptBuildPhase;
			buildActionMask = 2147483647;
			files = (
			);
			inputPaths = (
			);
			name = "Copy Pods Resources";
			outputPaths = (
			);
			runOnlyForDeploymentPostprocessing = 0;
			shellPath = /bin/sh;
			shellScript = "\"${SRCROOT}/Pods/Target Support Files/Pods/Pods-resources.sh\"\n";
			showEnvVarsInLog = 0;
		};
		3B643CCC454E755C737C762B /* Embed Pods Frameworks */ = {
			isa = PBXShellScriptBuildPhase;
			buildActionMask = 2147483647;
			files = (
			);
			inputPaths = (
			);
			name = "Embed Pods Frameworks";
			outputPaths = (
			);
			runOnlyForDeploymentPostprocessing = 0;
			shellPath = /bin/sh;
			shellScript = "\"${SRCROOT}/Pods/Target Support Files/Pods/Pods-frameworks.sh\"\n";
			showEnvVarsInLog = 0;
		};
		77EFF9BA96110DEE3A212850 /* Check Pods Manifest.lock */ = {
			isa = PBXShellScriptBuildPhase;
			buildActionMask = 2147483647;
			files = (
			);
			inputPaths = (
			);
			name = "Check Pods Manifest.lock";
			outputPaths = (
			);
			runOnlyForDeploymentPostprocessing = 0;
			shellPath = /bin/sh;
			shellScript = "diff \"${PODS_ROOT}/../Podfile.lock\" \"${PODS_ROOT}/Manifest.lock\" > /dev/null\nif [[ $? != 0 ]] ; then\n    cat << EOM\nerror: The sandbox is not in sync with the Podfile.lock. Run 'pod install' or update your CocoaPods installation.\nEOM\n    exit 1\nfi\n";
			showEnvVarsInLog = 0;
		};
/* End PBXShellScriptBuildPhase section */

/* Begin PBXSourcesBuildPhase section */
		C01236151CBE57E900AAA15C /* Sources */ = {
			isa = PBXSourcesBuildPhase;
			buildActionMask = 2147483647;
			files = (
				C0C92ED71CD60D17008C69E3 /* JWDaramDetailViewController.m in Sources */,
				C00348BF1CD933F7002E5AD9 /* CFDanmuku.m in Sources */,
				C0311F621CD265DF00F2BAA4 /* JWTourNearModel.m in Sources */,
				C0311F581CD22C5C00F2BAA4 /* NSArray+Log.m in Sources */,
				C06C99291CD4EA4D00342DBC /* JWDramaHeadCell.m in Sources */,
				C06C99111CD4B0B900342DBC /* JWDramaModel.m in Sources */,
				C06C99231CD4D7AF00342DBC /* LineLayout.m in Sources */,
				C0311F5B1CD23D6E00F2BAA4 /* JWTourNearViewController.m in Sources */,
				C012366B1CBE5A6900AAA15C /* MainViewController.m in Sources */,
				C0C92F7D1CD8C782008C69E3 /* JWDramaCommentCell.m in Sources */,
				C01236601CBE599B00AAA15C /* JWTourViewController.m in Sources */,
				C0311F5F1CD25DC500F2BAA4 /* JWTourNearVM.m in Sources */,
				C00348D51CD94A20002E5AD9 /* NSDictionary+Tools.m in Sources */,
				C0C92F011CD771F0008C69E3 /* JWDramaDetailChild.m in Sources */,
				C0F945C81CCB52A600D59FA9 /* JWArrowBtn.m in Sources */,
				C0444B061CCA10E20003107F /* JWItem.m in Sources */,
				C012365A1CBE597800AAA15C /* JWMineViewController.m in Sources */,
				C01236771CBE5BDE00AAA15C /* JWRootViewController.m in Sources */,
				C0444B2C1CCB25550003107F /* JWTitleView.m in Sources */,
				C011C59E1CCE6993007B1BDA /* JWCarouselFigureView.m in Sources */,
				C00CB4FB1CD3CA1500C70593 /* JWVideoViewController.m in Sources */,
				C00348EB1CD952D1002E5AD9 /* JWSpModel.m in Sources */,
				C0D8C66B1CCCEB3E00189E4B /* JWNewsOneImageCell.m in Sources */,
				C0C92F791CD7936B008C69E3 /* JWDramaChirldModel.m in Sources */,
				C00348C81CD937FE002E5AD9 /* JWDanmuModel.m in Sources */,
				C01C1C891CD0EC4900F456A6 /* JWTourLocationsModel.m in Sources */,
				C06C99251CD4E0F600342DBC /* JWDramaHeader.m in Sources */,
				C06C99021CD4A33600342DBC /* JWWaterFallLayout.m in Sources */,
				C012368D1CBE6E0200AAA15C /* JWNetTool.m in Sources */,
				C00348CB1CD9388A002E5AD9 /* JWXML2Dic.m in Sources */,
				C0D8C6641CCCE24F00189E4B /* JWNewsModel.m in Sources */,
				C0444AFF1CC9FAD40003107F /* FMDBTool.m in Sources */,
				C00348C51CD934B6002E5AD9 /* CFDanumukuView.m in Sources */,
				C00348E51CD94F9D002E5AD9 /* JWBtnBar.m in Sources */,
				C0F945C51CCB48A600D59FA9 /* JWNewsMainScr.m in Sources */,
				C01236631CBE5A6200AAA15C /* AppDelegate.m in Sources */,
				C06C990B1CD4A59500342DBC /* JWRunTimeModel.m in Sources */,
				C012363A1CBE590800AAA15C /* JWBaseViewController.m in Sources */,
				C00348C21CD9341C002E5AD9 /* CFDanmukuinfo.m in Sources */,
				C0D8C6551CCC0CEE00189E4B /* JWNewsDB.m in Sources */,
				C012366A1CBE5A6900AAA15C /* JWNavigationController.m in Sources */,
				C0311F4B1CD20BAA00F2BAA4 /* JWTourNearTop.m in Sources */,
				C06C99081CD4A55D00342DBC /* NSObject+JSONExtension.m in Sources */,
				C00348BC1CD933C6002E5AD9 /* CFDanmuClass.m in Sources */,
				C012363D1CBE591400AAA15C /* JWModel.m in Sources */,
				C0D8C6611CCCE15600189E4B /* JWTableViewControllerClass.m in Sources */,
				C0F945CD1CCB5ACF00D59FA9 /* JWListView.m in Sources */,
				C011C59F1CCE6993007B1BDA /* JWCollectionViewCell.m in Sources */,
				C01236401CBE592200AAA15C /* JWViewModel.m in Sources */,
				C01C1C851CD0E91100F456A6 /* JWTourBigCell.m in Sources */,
				C00348D21CD94A12002E5AD9 /* NSString+Tools.m in Sources */,
				C0D8C6701CCCEB6500189E4B /* JWNewsBigImageCell.m in Sources */,
				C0D8C65B1CCCD70500189E4B /* JWTableViewCellClass.m in Sources */,
				C00348E81CD95280002E5AD9 /* JWSpView.m in Sources */,
				C012361E1CBE57E900AAA15C /* main.m in Sources */,
				C011C5A41CCE7B0D007B1BDA /* UITableViewCell+JW.m in Sources */,
				C0D8C65E1CCCD73200189E4B /* JWNewsFactoryCell.m in Sources */,
				C00348E11CD94E76002E5AD9 /* JWDramaShopController.m in Sources */,
				C01C1C8C1CD0ECB600F456A6 /* JWTourCustomModel.m in Sources */,
				C01236731CBE5AE600AAA15C /* UIView+Extension.m in Sources */,
				C05603681CCBDA3800413A4B /* JWBar.m in Sources */,
				C0C92F761CD790DA008C69E3 /* JWDramaChirldVM.m in Sources */,
				C09060821CBE70950024211E /* JWTourViewModel.m in Sources */,
				C0D8C6671CCCE3A500189E4B /* JWNewsViewModel.m in Sources */,
				C0C92ED31CD60214008C69E3 /* JWAVPlayerViewController.m in Sources */,
				C01236721CBE5AE600AAA15C /* UIBarButtonItem+Extension.m in Sources */,
				C0C92EDB1CD64210008C69E3 /* JWDramaBar.m in Sources */,
				C0D8C6751CCCEB9100189E4B /* JWNewsThreeImagesCell.m in Sources */,
				C0311F461CD2096800F2BAA4 /* JWTourNearMainViewController.m in Sources */,
				C0C92F811CD8C79A008C69E3 /* JWDramaCommentModel.m in Sources */,
				C0311F6B1CD26A2400F2BAA4 /* JWTourNearTableViewCell.m in Sources */,
				C012365D1CBE598800AAA15C /* JWNewsViewController.m in Sources */,
				C06C991D1CD4BB8500342DBC /* JWDaramHeadModel.m in Sources */,
				C0F945C21CCB463200D59FA9 /* JWNewsTableViewController.m in Sources */,
				C06C98FE1CD4A23000342DBC /* JWDramaTableViewCell.m in Sources */,
				C011C5A71CCE8475007B1BDA /* JWWebViewController.m in Sources */,
				C06C98FA1CD4A1F400342DBC /* JWDramaVM.m in Sources */,
			);
			runOnlyForDeploymentPostprocessing = 0;
		};
/* End PBXSourcesBuildPhase section */

/* Begin PBXVariantGroup section */
		C01236251CBE57E900AAA15C /* Main.storyboard */ = {
			isa = PBXVariantGroup;
			children = (
				C01236261CBE57E900AAA15C /* Base */,
			);
			name = Main.storyboard;
			path = ..;
			sourceTree = "<group>";
		};
		C012362A1CBE57E900AAA15C /* LaunchScreen.storyboard */ = {
			isa = PBXVariantGroup;
			children = (
				C012362B1CBE57E900AAA15C /* Base */,
			);
			name = LaunchScreen.storyboard;
			path = ..;
			sourceTree = "<group>";
		};
/* End PBXVariantGroup section */

/* Begin XCBuildConfiguration section */
		C012362E1CBE57E900AAA15C /* Debug */ = {
			isa = XCBuildConfiguration;
			buildSettings = {
				ALWAYS_SEARCH_USER_PATHS = NO;
				CLANG_CXX_LANGUAGE_STANDARD = "gnu++0x";
				CLANG_CXX_LIBRARY = "libc++";
				CLANG_ENABLE_MODULES = YES;
				CLANG_ENABLE_OBJC_ARC = YES;
				CLANG_WARN_BOOL_CONVERSION = YES;
				CLANG_WARN_CONSTANT_CONVERSION = YES;
				CLANG_WARN_DIRECT_OBJC_ISA_USAGE = YES_ERROR;
				CLANG_WARN_EMPTY_BODY = YES;
				CLANG_WARN_ENUM_CONVERSION = YES;
				CLANG_WARN_INT_CONVERSION = YES;
				CLANG_WARN_OBJC_ROOT_CLASS = YES_ERROR;
				CLANG_WARN_UNREACHABLE_CODE = YES;
				CLANG_WARN__DUPLICATE_METHOD_MATCH = YES;
				"CODE_SIGN_IDENTITY[sdk=iphoneos*]" = "iPhone Developer";
				COPY_PHASE_STRIP = NO;
				DEBUG_INFORMATION_FORMAT = dwarf;
				ENABLE_STRICT_OBJC_MSGSEND = YES;
				ENABLE_TESTABILITY = YES;
				GCC_C_LANGUAGE_STANDARD = gnu99;
				GCC_DYNAMIC_NO_PIC = NO;
				GCC_NO_COMMON_BLOCKS = YES;
				GCC_OPTIMIZATION_LEVEL = 0;
				GCC_PREPROCESSOR_DEFINITIONS = (
					"DEBUG=1",
					"$(inherited)",
				);
				GCC_WARN_64_TO_32_BIT_CONVERSION = YES;
				GCC_WARN_ABOUT_RETURN_TYPE = YES_ERROR;
				GCC_WARN_UNDECLARED_SELECTOR = YES;
				GCC_WARN_UNINITIALIZED_AUTOS = YES_AGGRESSIVE;
				GCC_WARN_UNUSED_FUNCTION = YES;
				GCC_WARN_UNUSED_VARIABLE = YES;
				IPHONEOS_DEPLOYMENT_TARGET = 9.2;
				MTL_ENABLE_DEBUG_INFO = YES;
				ONLY_ACTIVE_ARCH = YES;
				SDKROOT = iphoneos;
				TARGETED_DEVICE_FAMILY = "1,2";
			};
			name = Debug;
		};
		C012362F1CBE57E900AAA15C /* Release */ = {
			isa = XCBuildConfiguration;
			buildSettings = {
				ALWAYS_SEARCH_USER_PATHS = NO;
				CLANG_CXX_LANGUAGE_STANDARD = "gnu++0x";
				CLANG_CXX_LIBRARY = "libc++";
				CLANG_ENABLE_MODULES = YES;
				CLANG_ENABLE_OBJC_ARC = YES;
				CLANG_WARN_BOOL_CONVERSION = YES;
				CLANG_WARN_CONSTANT_CONVERSION = YES;
				CLANG_WARN_DIRECT_OBJC_ISA_USAGE = YES_ERROR;
				CLANG_WARN_EMPTY_BODY = YES;
				CLANG_WARN_ENUM_CONVERSION = YES;
				CLANG_WARN_INT_CONVERSION = YES;
				CLANG_WARN_OBJC_ROOT_CLASS = YES_ERROR;
				CLANG_WARN_UNREACHABLE_CODE = YES;
				CLANG_WARN__DUPLICATE_METHOD_MATCH = YES;
				"CODE_SIGN_IDENTITY[sdk=iphoneos*]" = "iPhone Developer";
				COPY_PHASE_STRIP = NO;
				DEBUG_INFORMATION_FORMAT = "dwarf-with-dsym";
				ENABLE_NS_ASSERTIONS = NO;
				ENABLE_STRICT_OBJC_MSGSEND = YES;
				GCC_C_LANGUAGE_STANDARD = gnu99;
				GCC_NO_COMMON_BLOCKS = YES;
				GCC_WARN_64_TO_32_BIT_CONVERSION = YES;
				GCC_WARN_ABOUT_RETURN_TYPE = YES_ERROR;
				GCC_WARN_UNDECLARED_SELECTOR = YES;
				GCC_WARN_UNINITIALIZED_AUTOS = YES_AGGRESSIVE;
				GCC_WARN_UNUSED_FUNCTION = YES;
				GCC_WARN_UNUSED_VARIABLE = YES;
				IPHONEOS_DEPLOYMENT_TARGET = 9.2;
				MTL_ENABLE_DEBUG_INFO = NO;
				SDKROOT = iphoneos;
				TARGETED_DEVICE_FAMILY = "1,2";
				VALIDATE_PRODUCT = YES;
			};
			name = Release;
		};
		C01236311CBE57E900AAA15C /* Debug */ = {
			isa = XCBuildConfiguration;
			baseConfigurationReference = 90567151FE1CA361955448F7 /* Pods.debug.xcconfig */;
			buildSettings = {
				ASSETCATALOG_COMPILER_APPICON_NAME = AppIcon;
				GCC_PREFIX_HEADER = $SRCROOT/BagNews/Main/PrefixHeader.pch;
				INFOPLIST_FILE = BagNews/Info.plist;
				IPHONEOS_DEPLOYMENT_TARGET = 9.2;
				LD_RUNPATH_SEARCH_PATHS = "$(inherited) @executable_path/Frameworks";
				PRODUCT_BUNDLE_IDENTIFIER = "xcode-----test.BagNews";
				PRODUCT_NAME = "$(TARGET_NAME)";
			};
			name = Debug;
		};
		C01236321CBE57E900AAA15C /* Release */ = {
			isa = XCBuildConfiguration;
			baseConfigurationReference = D55E2A725F648B106E206830 /* Pods.release.xcconfig */;
			buildSettings = {
				ASSETCATALOG_COMPILER_APPICON_NAME = AppIcon;
				GCC_PREFIX_HEADER = $SRCROOT/BagNews/Main/PrefixHeader.pch;
				INFOPLIST_FILE = BagNews/Info.plist;
				IPHONEOS_DEPLOYMENT_TARGET = 9.2;
				LD_RUNPATH_SEARCH_PATHS = "$(inherited) @executable_path/Frameworks";
				PRODUCT_BUNDLE_IDENTIFIER = "xcode-----test.BagNews";
				PRODUCT_NAME = "$(TARGET_NAME)";
			};
			name = Release;
		};
/* End XCBuildConfiguration section */

/* Begin XCConfigurationList section */
		C01236141CBE57E900AAA15C /* Build configuration list for PBXProject "BagNews" */ = {
			isa = XCConfigurationList;
			buildConfigurations = (
				C012362E1CBE57E900AAA15C /* Debug */,
				C012362F1CBE57E900AAA15C /* Release */,
			);
			defaultConfigurationIsVisible = 0;
			defaultConfigurationName = Release;
		};
		C01236301CBE57E900AAA15C /* Build configuration list for PBXNativeTarget "BagNews" */ = {
			isa = XCConfigurationList;
			buildConfigurations = (
				C01236311CBE57E900AAA15C /* Debug */,
				C01236321CBE57E900AAA15C /* Release */,
			);
			defaultConfigurationIsVisible = 0;
			defaultConfigurationName = Release;
		};
/* End XCConfigurationList section */
	};
	rootObject = C01236111CBE57E900AAA15C /* Project object */;
}
